{
  "version": 4,
  "terraform_version": "1.1.9",
  "serial": 24,
  "lineage": "aad72c9a-68b6-f9d8-0a5e-c31bd9a7a87d",
  "outputs": {
    "azs": {
      "value": [
        "us-east-1a",
        "us-east-1b"
      ],
      "type": [
        "list",
        "string"
      ]
    },
    "ec2_private_instance_ids": {
      "value": [
        "i-0434a8ecd1e57563b",
        "i-0fb46166e2d48d3db"
      ],
      "type": [
        "tuple",
        [
          "string",
          "string"
        ]
      ]
    },
    "ec2_private_ip": {
      "value": [
        "10.0.101.128",
        "10.0.102.237"
      ],
      "type": [
        "tuple",
        [
          "string",
          "string"
        ]
      ]
    },
    "http_tcp_listener_arns": {
      "value": [
        "arn:aws:elasticloadbalancing:us-east-1:436369525070:listener/app/kj-alb/c0268e4246667e5e/e44869c035722500"
      ],
      "type": [
        "tuple",
        [
          "string"
        ]
      ]
    },
    "http_tcp_listener_ids": {
      "value": [
        "arn:aws:elasticloadbalancing:us-east-1:436369525070:listener/app/kj-alb/c0268e4246667e5e/e44869c035722500"
      ],
      "type": [
        "tuple",
        [
          "string"
        ]
      ]
    },
    "https_listener_arns": {
      "value": [],
      "type": [
        "tuple",
        []
      ]
    },
    "https_listener_ids": {
      "value": [],
      "type": [
        "tuple",
        []
      ]
    },
    "private_sg_group_id": {
      "value": "sg-0a4ef2faf46606fee",
      "type": "string"
    },
    "private_sg_group_name": {
      "value": "private-sg-20220806154305472600000002",
      "type": "string"
    },
    "private_sg_group_vpc_id": {
      "value": "vpc-06e82c6f5d29fe783",
      "type": "string"
    },
    "public_subnets": {
      "value": [
        "subnet-0176a4922d30df696",
        "subnet-084b38d179e34b648"
      ],
      "type": [
        "tuple",
        [
          "string",
          "string"
        ]
      ]
    },
    "target_group_arn_suffixes": {
      "value": [
        "targetgroup/app1-20220806154547008900000003/1974d3a52db1a7fd"
      ],
      "type": [
        "tuple",
        [
          "string"
        ]
      ]
    },
    "target_group_arns": {
      "value": [
        "arn:aws:elasticloadbalancing:us-east-1:436369525070:targetgroup/app1-20220806154547008900000003/1974d3a52db1a7fd"
      ],
      "type": [
        "tuple",
        [
          "string"
        ]
      ]
    },
    "target_group_attachments": {
      "value": {
        "0.my_app1_vm1": "arn:aws:elasticloadbalancing:us-east-1:436369525070:targetgroup/app1-20220806154547008900000003/1974d3a52db1a7fd-20220806154558756800000005",
        "0.my_app1_vm2": "arn:aws:elasticloadbalancing:us-east-1:436369525070:targetgroup/app1-20220806154547008900000003/1974d3a52db1a7fd-20220806154558032800000004"
      },
      "type": [
        "object",
        {
          "0.my_app1_vm1": "string",
          "0.my_app1_vm2": "string"
        }
      ]
    },
    "target_group_names": {
      "value": [
        "app1-20220806154547008900000003"
      ],
      "type": [
        "tuple",
        [
          "string"
        ]
      ]
    },
    "this_lb_arn": {
      "value": "arn:aws:elasticloadbalancing:us-east-1:436369525070:loadbalancer/app/kj-alb/c0268e4246667e5e",
      "type": "string"
    },
    "this_lb_arn_suffix": {
      "value": "app/kj-alb/c0268e4246667e5e",
      "type": "string"
    },
    "this_lb_dns_name": {
      "value": "kj-alb-1033328132.us-east-1.elb.amazonaws.com",
      "type": "string"
    },
    "this_lb_id": {
      "value": "arn:aws:elasticloadbalancing:us-east-1:436369525070:loadbalancer/app/kj-alb/c0268e4246667e5e",
      "type": "string"
    },
    "this_lb_zone_id": {
      "value": "Z35SXDOTRQ7X7K",
      "type": "string"
    },
    "vpc_cidr_block": {
      "value": "10.0.0.0/16",
      "type": "string"
    },
    "vpc_id": {
      "value": "vpc-06e82c6f5d29fe783",
      "type": "string"
    }
  },
  "resources": [
    {
      "mode": "data",
      "type": "aws_ami",
      "name": "amzlinux2",
      "provider": "provider[\"registry.terraform.io/hashicorp/aws\"]",
      "instances": [
        {
          "schema_version": 0,
          "attributes": {
            "architecture": "x86_64",
            "arn": "arn:aws:ec2:us-east-1::image/ami-0cabc39acf991f4f1",
            "block_device_mappings": [
              {
                "device_name": "/dev/xvda",
                "ebs": {
                  "delete_on_termination": "true",
                  "encrypted": "false",
                  "iops": "0",
                  "snapshot_id": "snap-0772e2a76492cfb9a",
                  "throughput": "0",
                  "volume_size": "8",
                  "volume_type": "gp2"
                },
                "no_device": "",
                "virtual_name": ""
              }
            ],
            "creation_date": "2022-07-22T22:59:08.000Z",
            "description": "Amazon Linux 2 AMI 2.0.20220719.0 x86_64 HVM gp2",
            "ena_support": true,
            "executable_users": null,
            "filter": [
              {
                "name": "architecture",
                "values": [
                  "x86_64"
                ]
              },
              {
                "name": "name",
                "values": [
                  "amzn2-ami-hvm-*-gp2"
                ]
              },
              {
                "name": "root-device-type",
                "values": [
                  "ebs"
                ]
              },
              {
                "name": "virtualization-type",
                "values": [
                  "hvm"
                ]
              }
            ],
            "hypervisor": "xen",
            "id": "ami-0cabc39acf991f4f1",
            "image_id": "ami-0cabc39acf991f4f1",
            "image_location": "amazon/amzn2-ami-hvm-2.0.20220719.0-x86_64-gp2",
            "image_owner_alias": "amazon",
            "image_type": "machine",
            "kernel_id": null,
            "most_recent": true,
            "name": "amzn2-ami-hvm-2.0.20220719.0-x86_64-gp2",
            "name_regex": null,
            "owner_id": "137112412989",
            "owners": [
              "amazon"
            ],
            "platform": null,
            "platform_details": "Linux/UNIX",
            "product_codes": [],
            "public": true,
            "ramdisk_id": null,
            "root_device_name": "/dev/xvda",
            "root_device_type": "ebs",
            "root_snapshot_id": "snap-0772e2a76492cfb9a",
            "sriov_net_support": "simple",
            "state": "available",
            "state_reason": {
              "code": "UNSET",
              "message": "UNSET"
            },
            "tags": {},
            "usage_operation": "RunInstances",
            "virtualization_type": "hvm"
          },
          "sensitive_attributes": []
        }
      ]
    },
    {
      "module": "module.alb",
      "mode": "managed",
      "type": "aws_lb",
      "name": "this",
      "provider": "provider[\"registry.terraform.io/hashicorp/aws\"]",
      "instances": [
        {
          "index_key": 0,
          "schema_version": 0,
          "attributes": {
            "access_logs": [
              {
                "bucket": "",
                "enabled": false,
                "prefix": ""
              }
            ],
            "arn": "arn:aws:elasticloadbalancing:us-east-1:436369525070:loadbalancer/app/kj-alb/c0268e4246667e5e",
            "arn_suffix": "app/kj-alb/c0268e4246667e5e",
            "customer_owned_ipv4_pool": "",
            "desync_mitigation_mode": "defensive",
            "dns_name": "kj-alb-1033328132.us-east-1.elb.amazonaws.com",
            "drop_invalid_header_fields": false,
            "enable_cross_zone_load_balancing": null,
            "enable_deletion_protection": false,
            "enable_http2": true,
            "enable_waf_fail_open": false,
            "id": "arn:aws:elasticloadbalancing:us-east-1:436369525070:loadbalancer/app/kj-alb/c0268e4246667e5e",
            "idle_timeout": 60,
            "internal": false,
            "ip_address_type": "ipv4",
            "load_balancer_type": "application",
            "name": "kj-alb",
            "name_prefix": null,
            "security_groups": [
              "sg-0915eb0afe9b557a0"
            ],
            "subnet_mapping": [
              {
                "allocation_id": "",
                "ipv6_address": "",
                "outpost_id": "",
                "private_ipv4_address": "",
                "subnet_id": "subnet-0176a4922d30df696"
              },
              {
                "allocation_id": "",
                "ipv6_address": "",
                "outpost_id": "",
                "private_ipv4_address": "",
                "subnet_id": "subnet-084b38d179e34b648"
              }
            ],
            "subnets": [
              "subnet-0176a4922d30df696",
              "subnet-084b38d179e34b648"
            ],
            "tags": {
              "Name": "kj-alb"
            },
            "tags_all": {
              "Name": "kj-alb"
            },
            "timeouts": {
              "create": "10m",
              "delete": "10m",
              "update": "10m"
            },
            "vpc_id": "vpc-06e82c6f5d29fe783",
            "zone_id": "Z35SXDOTRQ7X7K"
          },
          "sensitive_attributes": [],
          "private": "eyJlMmJmYjczMC1lY2FhLTExZTYtOGY4OC0zNDM2M2JjN2M0YzAiOnsiY3JlYXRlIjo2MDAwMDAwMDAwMDAsImRlbGV0ZSI6NjAwMDAwMDAwMDAwLCJ1cGRhdGUiOjYwMDAwMDAwMDAwMH19",
          "dependencies": [
            "module.loadbalancer_sg.aws_security_group.this",
            "module.loadbalancer_sg.aws_security_group.this_name_prefix",
            "module.vpc.aws_subnet.public",
            "module.vpc.aws_vpc.this",
            "module.vpc.aws_vpc_ipv4_cidr_block_association.this"
          ],
          "create_before_destroy": true
        }
      ]
    },
    {
      "module": "module.alb",
      "mode": "managed",
      "type": "aws_lb_listener",
      "name": "frontend_http_tcp",
      "provider": "provider[\"registry.terraform.io/hashicorp/aws\"]",
      "instances": [
        {
          "index_key": 0,
          "schema_version": 0,
          "attributes": {
            "alpn_policy": null,
            "arn": "arn:aws:elasticloadbalancing:us-east-1:436369525070:listener/app/kj-alb/c0268e4246667e5e/e44869c035722500",
            "certificate_arn": null,
            "default_action": [
              {
                "authenticate_cognito": [],
                "authenticate_oidc": [],
                "fixed_response": [],
                "forward": [],
                "order": 1,
                "redirect": [],
                "target_group_arn": "arn:aws:elasticloadbalancing:us-east-1:436369525070:targetgroup/app1-20220806154547008900000003/1974d3a52db1a7fd",
                "type": "forward"
              }
            ],
            "id": "arn:aws:elasticloadbalancing:us-east-1:436369525070:listener/app/kj-alb/c0268e4246667e5e/e44869c035722500",
            "load_balancer_arn": "arn:aws:elasticloadbalancing:us-east-1:436369525070:loadbalancer/app/kj-alb/c0268e4246667e5e",
            "port": 80,
            "protocol": "HTTP",
            "ssl_policy": "",
            "tags": null,
            "tags_all": {},
            "timeouts": null
          },
          "sensitive_attributes": [],
          "private": "eyJlMmJmYjczMC1lY2FhLTExZTYtOGY4OC0zNDM2M2JjN2M0YzAiOnsicmVhZCI6NjAwMDAwMDAwMDAwfX0=",
          "dependencies": [
            "data.aws_ami.amzlinux2",
            "module.alb.aws_lb.this",
            "module.alb.aws_lb_target_group.main",
            "module.ec2_private.aws_instance.this",
            "module.loadbalancer_sg.aws_security_group.this",
            "module.loadbalancer_sg.aws_security_group.this_name_prefix",
            "module.private_sg.aws_security_group.this",
            "module.private_sg.aws_security_group.this_name_prefix",
            "module.vpc.aws_cloudwatch_log_group.flow_log",
            "module.vpc.aws_customer_gateway.this",
            "module.vpc.aws_db_subnet_group.database",
            "module.vpc.aws_default_network_acl.this",
            "module.vpc.aws_default_route_table.default",
            "module.vpc.aws_default_security_group.this",
            "module.vpc.aws_default_vpc.this",
            "module.vpc.aws_egress_only_internet_gateway.this",
            "module.vpc.aws_eip.nat",
            "module.vpc.aws_elasticache_subnet_group.elasticache",
            "module.vpc.aws_flow_log.this",
            "module.vpc.aws_iam_policy.vpc_flow_log_cloudwatch",
            "module.vpc.aws_iam_role.vpc_flow_log_cloudwatch",
            "module.vpc.aws_iam_role_policy_attachment.vpc_flow_log_cloudwatch",
            "module.vpc.aws_internet_gateway.this",
            "module.vpc.aws_nat_gateway.this",
            "module.vpc.aws_network_acl.database",
            "module.vpc.aws_network_acl.elasticache",
            "module.vpc.aws_network_acl.intra",
            "module.vpc.aws_network_acl.outpost",
            "module.vpc.aws_network_acl.private",
            "module.vpc.aws_network_acl.public",
            "module.vpc.aws_network_acl.redshift",
            "module.vpc.aws_network_acl_rule.database_inbound",
            "module.vpc.aws_network_acl_rule.database_outbound",
            "module.vpc.aws_network_acl_rule.elasticache_inbound",
            "module.vpc.aws_network_acl_rule.elasticache_outbound",
            "module.vpc.aws_network_acl_rule.intra_inbound",
            "module.vpc.aws_network_acl_rule.intra_outbound",
            "module.vpc.aws_network_acl_rule.outpost_inbound",
            "module.vpc.aws_network_acl_rule.outpost_outbound",
            "module.vpc.aws_network_acl_rule.private_inbound",
            "module.vpc.aws_network_acl_rule.private_outbound",
            "module.vpc.aws_network_acl_rule.public_inbound",
            "module.vpc.aws_network_acl_rule.public_outbound",
            "module.vpc.aws_network_acl_rule.redshift_inbound",
            "module.vpc.aws_network_acl_rule.redshift_outbound",
            "module.vpc.aws_redshift_subnet_group.redshift",
            "module.vpc.aws_route.database_internet_gateway",
            "module.vpc.aws_route.database_ipv6_egress",
            "module.vpc.aws_route.database_nat_gateway",
            "module.vpc.aws_route.private_ipv6_egress",
            "module.vpc.aws_route.private_nat_gateway",
            "module.vpc.aws_route.public_internet_gateway",
            "module.vpc.aws_route.public_internet_gateway_ipv6",
            "module.vpc.aws_route_table.database",
            "module.vpc.aws_route_table.elasticache",
            "module.vpc.aws_route_table.intra",
            "module.vpc.aws_route_table.private",
            "module.vpc.aws_route_table.public",
            "module.vpc.aws_route_table.redshift",
            "module.vpc.aws_route_table_association.database",
            "module.vpc.aws_route_table_association.elasticache",
            "module.vpc.aws_route_table_association.intra",
            "module.vpc.aws_route_table_association.outpost",
            "module.vpc.aws_route_table_association.private",
            "module.vpc.aws_route_table_association.public",
            "module.vpc.aws_route_table_association.redshift",
            "module.vpc.aws_route_table_association.redshift_public",
            "module.vpc.aws_subnet.database",
            "module.vpc.aws_subnet.elasticache",
            "module.vpc.aws_subnet.intra",
            "module.vpc.aws_subnet.outpost",
            "module.vpc.aws_subnet.private",
            "module.vpc.aws_subnet.public",
            "module.vpc.aws_subnet.redshift",
            "module.vpc.aws_vpc.this",
            "module.vpc.aws_vpc_dhcp_options.this",
            "module.vpc.aws_vpc_dhcp_options_association.this",
            "module.vpc.aws_vpc_endpoint.access_analyzer",
            "module.vpc.aws_vpc_endpoint.acm_pca",
            "module.vpc.aws_vpc_endpoint.apigw",
            "module.vpc.aws_vpc_endpoint.appmesh_envoy_management",
            "module.vpc.aws_vpc_endpoint.appstream_api",
            "module.vpc.aws_vpc_endpoint.appstream_streaming",
            "module.vpc.aws_vpc_endpoint.athena",
            "module.vpc.aws_vpc_endpoint.auto_scaling_plans",
            "module.vpc.aws_vpc_endpoint.cloud_directory",
            "module.vpc.aws_vpc_endpoint.cloudformation",
            "module.vpc.aws_vpc_endpoint.cloudtrail",
            "module.vpc.aws_vpc_endpoint.codeartifact_api",
            "module.vpc.aws_vpc_endpoint.codeartifact_repositories",
            "module.vpc.aws_vpc_endpoint.codebuild",
            "module.vpc.aws_vpc_endpoint.codecommit",
            "module.vpc.aws_vpc_endpoint.codedeploy",
            "module.vpc.aws_vpc_endpoint.codedeploy_commands_secure",
            "module.vpc.aws_vpc_endpoint.codepipeline",
            "module.vpc.aws_vpc_endpoint.config",
            "module.vpc.aws_vpc_endpoint.datasync",
            "module.vpc.aws_vpc_endpoint.dms",
            "module.vpc.aws_vpc_endpoint.dynamodb",
            "module.vpc.aws_vpc_endpoint.ebs",
            "module.vpc.aws_vpc_endpoint.ec2",
            "module.vpc.aws_vpc_endpoint.ec2_autoscaling",
            "module.vpc.aws_vpc_endpoint.ec2messages",
            "module.vpc.aws_vpc_endpoint.ecr_api",
            "module.vpc.aws_vpc_endpoint.ecr_dkr",
            "module.vpc.aws_vpc_endpoint.ecs",
            "module.vpc.aws_vpc_endpoint.ecs_agent",
            "module.vpc.aws_vpc_endpoint.ecs_telemetry",
            "module.vpc.aws_vpc_endpoint.efs",
            "module.vpc.aws_vpc_endpoint.elastic_inference_runtime",
            "module.vpc.aws_vpc_endpoint.elasticbeanstalk",
            "module.vpc.aws_vpc_endpoint.elasticbeanstalk_health",
            "module.vpc.aws_vpc_endpoint.elasticloadbalancing",
            "module.vpc.aws_vpc_endpoint.emr",
            "module.vpc.aws_vpc_endpoint.events",
            "module.vpc.aws_vpc_endpoint.git_codecommit",
            "module.vpc.aws_vpc_endpoint.glue",
            "module.vpc.aws_vpc_endpoint.kinesis_firehose",
            "module.vpc.aws_vpc_endpoint.kinesis_streams",
            "module.vpc.aws_vpc_endpoint.kms",
            "module.vpc.aws_vpc_endpoint.lambda",
            "module.vpc.aws_vpc_endpoint.logs",
            "module.vpc.aws_vpc_endpoint.monitoring",
            "module.vpc.aws_vpc_endpoint.qldb_session",
            "module.vpc.aws_vpc_endpoint.rds",
            "module.vpc.aws_vpc_endpoint.rekognition",
            "module.vpc.aws_vpc_endpoint.s3",
            "module.vpc.aws_vpc_endpoint.sagemaker_api",
            "module.vpc.aws_vpc_endpoint.sagemaker_notebook",
            "module.vpc.aws_vpc_endpoint.sagemaker_runtime",
            "module.vpc.aws_vpc_endpoint.secretsmanager",
            "module.vpc.aws_vpc_endpoint.servicecatalog",
            "module.vpc.aws_vpc_endpoint.ses",
            "module.vpc.aws_vpc_endpoint.sms",
            "module.vpc.aws_vpc_endpoint.sns",
            "module.vpc.aws_vpc_endpoint.sqs",
            "module.vpc.aws_vpc_endpoint.ssm",
            "module.vpc.aws_vpc_endpoint.ssmmessages",
            "module.vpc.aws_vpc_endpoint.states",
            "module.vpc.aws_vpc_endpoint.storagegateway",
            "module.vpc.aws_vpc_endpoint.sts",
            "module.vpc.aws_vpc_endpoint.textract",
            "module.vpc.aws_vpc_endpoint.transfer",
            "module.vpc.aws_vpc_endpoint.transferserver",
            "module.vpc.aws_vpc_endpoint.workspaces",
            "module.vpc.aws_vpc_endpoint_route_table_association.intra_dynamodb",
            "module.vpc.aws_vpc_endpoint_route_table_association.intra_s3",
            "module.vpc.aws_vpc_endpoint_route_table_association.private_dynamodb",
            "module.vpc.aws_vpc_endpoint_route_table_association.private_s3",
            "module.vpc.aws_vpc_endpoint_route_table_association.public_dynamodb",
            "module.vpc.aws_vpc_endpoint_route_table_association.public_s3",
            "module.vpc.aws_vpc_ipv4_cidr_block_association.this",
            "module.vpc.aws_vpn_gateway.this",
            "module.vpc.aws_vpn_gateway_attachment.this",
            "module.vpc.aws_vpn_gateway_route_propagation.intra",
            "module.vpc.aws_vpn_gateway_route_propagation.private",
            "module.vpc.aws_vpn_gateway_route_propagation.public",
            "module.vpc.data.aws_iam_policy_document.flow_log_cloudwatch_assume_role",
            "module.vpc.data.aws_iam_policy_document.vpc_flow_log_cloudwatch",
            "module.vpc.data.aws_vpc_endpoint_service.access_analyzer",
            "module.vpc.data.aws_vpc_endpoint_service.acm_pca",
            "module.vpc.data.aws_vpc_endpoint_service.apigw",
            "module.vpc.data.aws_vpc_endpoint_service.appmesh_envoy_management",
            "module.vpc.data.aws_vpc_endpoint_service.appstream_api",
            "module.vpc.data.aws_vpc_endpoint_service.appstream_streaming",
            "module.vpc.data.aws_vpc_endpoint_service.athena",
            "module.vpc.data.aws_vpc_endpoint_service.auto_scaling_plans",
            "module.vpc.data.aws_vpc_endpoint_service.cloud_directory",
            "module.vpc.data.aws_vpc_endpoint_service.cloudformation",
            "module.vpc.data.aws_vpc_endpoint_service.cloudtrail",
            "module.vpc.data.aws_vpc_endpoint_service.codeartifact_api",
            "module.vpc.data.aws_vpc_endpoint_service.codeartifact_repositories",
            "module.vpc.data.aws_vpc_endpoint_service.codebuild",
            "module.vpc.data.aws_vpc_endpoint_service.codecommit",
            "module.vpc.data.aws_vpc_endpoint_service.codedeploy",
            "module.vpc.data.aws_vpc_endpoint_service.codedeploy_commands_secure",
            "module.vpc.data.aws_vpc_endpoint_service.codepipeline",
            "module.vpc.data.aws_vpc_endpoint_service.config",
            "module.vpc.data.aws_vpc_endpoint_service.datasync",
            "module.vpc.data.aws_vpc_endpoint_service.dms",
            "module.vpc.data.aws_vpc_endpoint_service.dynamodb",
            "module.vpc.data.aws_vpc_endpoint_service.ebs",
            "module.vpc.data.aws_vpc_endpoint_service.ec2",
            "module.vpc.data.aws_vpc_endpoint_service.ec2_autoscaling",
            "module.vpc.data.aws_vpc_endpoint_service.ec2messages",
            "module.vpc.data.aws_vpc_endpoint_service.ecr_api",
            "module.vpc.data.aws_vpc_endpoint_service.ecr_dkr",
            "module.vpc.data.aws_vpc_endpoint_service.ecs",
            "module.vpc.data.aws_vpc_endpoint_service.ecs_agent",
            "module.vpc.data.aws_vpc_endpoint_service.ecs_telemetry",
            "module.vpc.data.aws_vpc_endpoint_service.efs",
            "module.vpc.data.aws_vpc_endpoint_service.elastic_inference_runtime",
            "module.vpc.data.aws_vpc_endpoint_service.elasticbeanstalk",
            "module.vpc.data.aws_vpc_endpoint_service.elasticbeanstalk_health",
            "module.vpc.data.aws_vpc_endpoint_service.elasticloadbalancing",
            "module.vpc.data.aws_vpc_endpoint_service.emr",
            "module.vpc.data.aws_vpc_endpoint_service.events",
            "module.vpc.data.aws_vpc_endpoint_service.git_codecommit",
            "module.vpc.data.aws_vpc_endpoint_service.glue",
            "module.vpc.data.aws_vpc_endpoint_service.kinesis_firehose",
            "module.vpc.data.aws_vpc_endpoint_service.kinesis_streams",
            "module.vpc.data.aws_vpc_endpoint_service.kms",
            "module.vpc.data.aws_vpc_endpoint_service.lambda",
            "module.vpc.data.aws_vpc_endpoint_service.logs",
            "module.vpc.data.aws_vpc_endpoint_service.monitoring",
            "module.vpc.data.aws_vpc_endpoint_service.qldb_session",
            "module.vpc.data.aws_vpc_endpoint_service.rds",
            "module.vpc.data.aws_vpc_endpoint_service.rekognition",
            "module.vpc.data.aws_vpc_endpoint_service.s3",
            "module.vpc.data.aws_vpc_endpoint_service.sagemaker_api",
            "module.vpc.data.aws_vpc_endpoint_service.sagemaker_notebook",
            "module.vpc.data.aws_vpc_endpoint_service.sagemaker_runtime",
            "module.vpc.data.aws_vpc_endpoint_service.secretsmanager",
            "module.vpc.data.aws_vpc_endpoint_service.servicecatalog",
            "module.vpc.data.aws_vpc_endpoint_service.ses",
            "module.vpc.data.aws_vpc_endpoint_service.sms",
            "module.vpc.data.aws_vpc_endpoint_service.sns",
            "module.vpc.data.aws_vpc_endpoint_service.sqs",
            "module.vpc.data.aws_vpc_endpoint_service.ssm",
            "module.vpc.data.aws_vpc_endpoint_service.ssmmessages",
            "module.vpc.data.aws_vpc_endpoint_service.states",
            "module.vpc.data.aws_vpc_endpoint_service.storagegateway",
            "module.vpc.data.aws_vpc_endpoint_service.sts",
            "module.vpc.data.aws_vpc_endpoint_service.textract",
            "module.vpc.data.aws_vpc_endpoint_service.transfer",
            "module.vpc.data.aws_vpc_endpoint_service.transferserver",
            "module.vpc.data.aws_vpc_endpoint_service.workspaces"
          ]
        }
      ]
    },
    {
      "module": "module.alb",
      "mode": "managed",
      "type": "aws_lb_target_group",
      "name": "main",
      "provider": "provider[\"registry.terraform.io/hashicorp/aws\"]",
      "instances": [
        {
          "index_key": 0,
          "schema_version": 0,
          "attributes": {
            "arn": "arn:aws:elasticloadbalancing:us-east-1:436369525070:targetgroup/app1-20220806154547008900000003/1974d3a52db1a7fd",
            "arn_suffix": "targetgroup/app1-20220806154547008900000003/1974d3a52db1a7fd",
            "connection_termination": false,
            "deregistration_delay": "10",
            "health_check": [
              {
                "enabled": true,
                "healthy_threshold": 3,
                "interval": 30,
                "matcher": "200-399",
                "path": "/index.html",
                "port": "traffic-port",
                "protocol": "HTTP",
                "timeout": 6,
                "unhealthy_threshold": 3
              }
            ],
            "id": "arn:aws:elasticloadbalancing:us-east-1:436369525070:targetgroup/app1-20220806154547008900000003/1974d3a52db1a7fd",
            "lambda_multi_value_headers_enabled": false,
            "load_balancing_algorithm_type": "round_robin",
            "name": "app1-20220806154547008900000003",
            "name_prefix": "app1-",
            "port": 80,
            "preserve_client_ip": null,
            "protocol": "HTTP",
            "protocol_version": "HTTP1",
            "proxy_protocol_v2": false,
            "slow_start": 0,
            "stickiness": [
              {
                "cookie_duration": 86400,
                "cookie_name": "",
                "enabled": false,
                "type": "lb_cookie"
              }
            ],
            "tags": {
              "Name": "app1-"
            },
            "tags_all": {
              "Name": "app1-"
            },
            "target_type": "instance",
            "vpc_id": "vpc-06e82c6f5d29fe783"
          },
          "sensitive_attributes": [],
          "private": "bnVsbA==",
          "dependencies": [
            "data.aws_ami.amzlinux2",
            "module.alb.aws_lb.this",
            "module.ec2_private.aws_instance.this",
            "module.loadbalancer_sg.aws_security_group.this",
            "module.loadbalancer_sg.aws_security_group.this_name_prefix",
            "module.private_sg.aws_security_group.this",
            "module.private_sg.aws_security_group.this_name_prefix",
            "module.vpc.aws_cloudwatch_log_group.flow_log",
            "module.vpc.aws_customer_gateway.this",
            "module.vpc.aws_db_subnet_group.database",
            "module.vpc.aws_default_network_acl.this",
            "module.vpc.aws_default_route_table.default",
            "module.vpc.aws_default_security_group.this",
            "module.vpc.aws_default_vpc.this",
            "module.vpc.aws_egress_only_internet_gateway.this",
            "module.vpc.aws_eip.nat",
            "module.vpc.aws_elasticache_subnet_group.elasticache",
            "module.vpc.aws_flow_log.this",
            "module.vpc.aws_iam_policy.vpc_flow_log_cloudwatch",
            "module.vpc.aws_iam_role.vpc_flow_log_cloudwatch",
            "module.vpc.aws_iam_role_policy_attachment.vpc_flow_log_cloudwatch",
            "module.vpc.aws_internet_gateway.this",
            "module.vpc.aws_nat_gateway.this",
            "module.vpc.aws_network_acl.database",
            "module.vpc.aws_network_acl.elasticache",
            "module.vpc.aws_network_acl.intra",
            "module.vpc.aws_network_acl.outpost",
            "module.vpc.aws_network_acl.private",
            "module.vpc.aws_network_acl.public",
            "module.vpc.aws_network_acl.redshift",
            "module.vpc.aws_network_acl_rule.database_inbound",
            "module.vpc.aws_network_acl_rule.database_outbound",
            "module.vpc.aws_network_acl_rule.elasticache_inbound",
            "module.vpc.aws_network_acl_rule.elasticache_outbound",
            "module.vpc.aws_network_acl_rule.intra_inbound",
            "module.vpc.aws_network_acl_rule.intra_outbound",
            "module.vpc.aws_network_acl_rule.outpost_inbound",
            "module.vpc.aws_network_acl_rule.outpost_outbound",
            "module.vpc.aws_network_acl_rule.private_inbound",
            "module.vpc.aws_network_acl_rule.private_outbound",
            "module.vpc.aws_network_acl_rule.public_inbound",
            "module.vpc.aws_network_acl_rule.public_outbound",
            "module.vpc.aws_network_acl_rule.redshift_inbound",
            "module.vpc.aws_network_acl_rule.redshift_outbound",
            "module.vpc.aws_redshift_subnet_group.redshift",
            "module.vpc.aws_route.database_internet_gateway",
            "module.vpc.aws_route.database_ipv6_egress",
            "module.vpc.aws_route.database_nat_gateway",
            "module.vpc.aws_route.private_ipv6_egress",
            "module.vpc.aws_route.private_nat_gateway",
            "module.vpc.aws_route.public_internet_gateway",
            "module.vpc.aws_route.public_internet_gateway_ipv6",
            "module.vpc.aws_route_table.database",
            "module.vpc.aws_route_table.elasticache",
            "module.vpc.aws_route_table.intra",
            "module.vpc.aws_route_table.private",
            "module.vpc.aws_route_table.public",
            "module.vpc.aws_route_table.redshift",
            "module.vpc.aws_route_table_association.database",
            "module.vpc.aws_route_table_association.elasticache",
            "module.vpc.aws_route_table_association.intra",
            "module.vpc.aws_route_table_association.outpost",
            "module.vpc.aws_route_table_association.private",
            "module.vpc.aws_route_table_association.public",
            "module.vpc.aws_route_table_association.redshift",
            "module.vpc.aws_route_table_association.redshift_public",
            "module.vpc.aws_subnet.database",
            "module.vpc.aws_subnet.elasticache",
            "module.vpc.aws_subnet.intra",
            "module.vpc.aws_subnet.outpost",
            "module.vpc.aws_subnet.private",
            "module.vpc.aws_subnet.public",
            "module.vpc.aws_subnet.redshift",
            "module.vpc.aws_vpc.this",
            "module.vpc.aws_vpc_dhcp_options.this",
            "module.vpc.aws_vpc_dhcp_options_association.this",
            "module.vpc.aws_vpc_endpoint.access_analyzer",
            "module.vpc.aws_vpc_endpoint.acm_pca",
            "module.vpc.aws_vpc_endpoint.apigw",
            "module.vpc.aws_vpc_endpoint.appmesh_envoy_management",
            "module.vpc.aws_vpc_endpoint.appstream_api",
            "module.vpc.aws_vpc_endpoint.appstream_streaming",
            "module.vpc.aws_vpc_endpoint.athena",
            "module.vpc.aws_vpc_endpoint.auto_scaling_plans",
            "module.vpc.aws_vpc_endpoint.cloud_directory",
            "module.vpc.aws_vpc_endpoint.cloudformation",
            "module.vpc.aws_vpc_endpoint.cloudtrail",
            "module.vpc.aws_vpc_endpoint.codeartifact_api",
            "module.vpc.aws_vpc_endpoint.codeartifact_repositories",
            "module.vpc.aws_vpc_endpoint.codebuild",
            "module.vpc.aws_vpc_endpoint.codecommit",
            "module.vpc.aws_vpc_endpoint.codedeploy",
            "module.vpc.aws_vpc_endpoint.codedeploy_commands_secure",
            "module.vpc.aws_vpc_endpoint.codepipeline",
            "module.vpc.aws_vpc_endpoint.config",
            "module.vpc.aws_vpc_endpoint.datasync",
            "module.vpc.aws_vpc_endpoint.dms",
            "module.vpc.aws_vpc_endpoint.dynamodb",
            "module.vpc.aws_vpc_endpoint.ebs",
            "module.vpc.aws_vpc_endpoint.ec2",
            "module.vpc.aws_vpc_endpoint.ec2_autoscaling",
            "module.vpc.aws_vpc_endpoint.ec2messages",
            "module.vpc.aws_vpc_endpoint.ecr_api",
            "module.vpc.aws_vpc_endpoint.ecr_dkr",
            "module.vpc.aws_vpc_endpoint.ecs",
            "module.vpc.aws_vpc_endpoint.ecs_agent",
            "module.vpc.aws_vpc_endpoint.ecs_telemetry",
            "module.vpc.aws_vpc_endpoint.efs",
            "module.vpc.aws_vpc_endpoint.elastic_inference_runtime",
            "module.vpc.aws_vpc_endpoint.elasticbeanstalk",
            "module.vpc.aws_vpc_endpoint.elasticbeanstalk_health",
            "module.vpc.aws_vpc_endpoint.elasticloadbalancing",
            "module.vpc.aws_vpc_endpoint.emr",
            "module.vpc.aws_vpc_endpoint.events",
            "module.vpc.aws_vpc_endpoint.git_codecommit",
            "module.vpc.aws_vpc_endpoint.glue",
            "module.vpc.aws_vpc_endpoint.kinesis_firehose",
            "module.vpc.aws_vpc_endpoint.kinesis_streams",
            "module.vpc.aws_vpc_endpoint.kms",
            "module.vpc.aws_vpc_endpoint.lambda",
            "module.vpc.aws_vpc_endpoint.logs",
            "module.vpc.aws_vpc_endpoint.monitoring",
            "module.vpc.aws_vpc_endpoint.qldb_session",
            "module.vpc.aws_vpc_endpoint.rds",
            "module.vpc.aws_vpc_endpoint.rekognition",
            "module.vpc.aws_vpc_endpoint.s3",
            "module.vpc.aws_vpc_endpoint.sagemaker_api",
            "module.vpc.aws_vpc_endpoint.sagemaker_notebook",
            "module.vpc.aws_vpc_endpoint.sagemaker_runtime",
            "module.vpc.aws_vpc_endpoint.secretsmanager",
            "module.vpc.aws_vpc_endpoint.servicecatalog",
            "module.vpc.aws_vpc_endpoint.ses",
            "module.vpc.aws_vpc_endpoint.sms",
            "module.vpc.aws_vpc_endpoint.sns",
            "module.vpc.aws_vpc_endpoint.sqs",
            "module.vpc.aws_vpc_endpoint.ssm",
            "module.vpc.aws_vpc_endpoint.ssmmessages",
            "module.vpc.aws_vpc_endpoint.states",
            "module.vpc.aws_vpc_endpoint.storagegateway",
            "module.vpc.aws_vpc_endpoint.sts",
            "module.vpc.aws_vpc_endpoint.textract",
            "module.vpc.aws_vpc_endpoint.transfer",
            "module.vpc.aws_vpc_endpoint.transferserver",
            "module.vpc.aws_vpc_endpoint.workspaces",
            "module.vpc.aws_vpc_endpoint_route_table_association.intra_dynamodb",
            "module.vpc.aws_vpc_endpoint_route_table_association.intra_s3",
            "module.vpc.aws_vpc_endpoint_route_table_association.private_dynamodb",
            "module.vpc.aws_vpc_endpoint_route_table_association.private_s3",
            "module.vpc.aws_vpc_endpoint_route_table_association.public_dynamodb",
            "module.vpc.aws_vpc_endpoint_route_table_association.public_s3",
            "module.vpc.aws_vpc_ipv4_cidr_block_association.this",
            "module.vpc.aws_vpn_gateway.this",
            "module.vpc.aws_vpn_gateway_attachment.this",
            "module.vpc.aws_vpn_gateway_route_propagation.intra",
            "module.vpc.aws_vpn_gateway_route_propagation.private",
            "module.vpc.aws_vpn_gateway_route_propagation.public",
            "module.vpc.data.aws_iam_policy_document.flow_log_cloudwatch_assume_role",
            "module.vpc.data.aws_iam_policy_document.vpc_flow_log_cloudwatch",
            "module.vpc.data.aws_vpc_endpoint_service.access_analyzer",
            "module.vpc.data.aws_vpc_endpoint_service.acm_pca",
            "module.vpc.data.aws_vpc_endpoint_service.apigw",
            "module.vpc.data.aws_vpc_endpoint_service.appmesh_envoy_management",
            "module.vpc.data.aws_vpc_endpoint_service.appstream_api",
            "module.vpc.data.aws_vpc_endpoint_service.appstream_streaming",
            "module.vpc.data.aws_vpc_endpoint_service.athena",
            "module.vpc.data.aws_vpc_endpoint_service.auto_scaling_plans",
            "module.vpc.data.aws_vpc_endpoint_service.cloud_directory",
            "module.vpc.data.aws_vpc_endpoint_service.cloudformation",
            "module.vpc.data.aws_vpc_endpoint_service.cloudtrail",
            "module.vpc.data.aws_vpc_endpoint_service.codeartifact_api",
            "module.vpc.data.aws_vpc_endpoint_service.codeartifact_repositories",
            "module.vpc.data.aws_vpc_endpoint_service.codebuild",
            "module.vpc.data.aws_vpc_endpoint_service.codecommit",
            "module.vpc.data.aws_vpc_endpoint_service.codedeploy",
            "module.vpc.data.aws_vpc_endpoint_service.codedeploy_commands_secure",
            "module.vpc.data.aws_vpc_endpoint_service.codepipeline",
            "module.vpc.data.aws_vpc_endpoint_service.config",
            "module.vpc.data.aws_vpc_endpoint_service.datasync",
            "module.vpc.data.aws_vpc_endpoint_service.dms",
            "module.vpc.data.aws_vpc_endpoint_service.dynamodb",
            "module.vpc.data.aws_vpc_endpoint_service.ebs",
            "module.vpc.data.aws_vpc_endpoint_service.ec2",
            "module.vpc.data.aws_vpc_endpoint_service.ec2_autoscaling",
            "module.vpc.data.aws_vpc_endpoint_service.ec2messages",
            "module.vpc.data.aws_vpc_endpoint_service.ecr_api",
            "module.vpc.data.aws_vpc_endpoint_service.ecr_dkr",
            "module.vpc.data.aws_vpc_endpoint_service.ecs",
            "module.vpc.data.aws_vpc_endpoint_service.ecs_agent",
            "module.vpc.data.aws_vpc_endpoint_service.ecs_telemetry",
            "module.vpc.data.aws_vpc_endpoint_service.efs",
            "module.vpc.data.aws_vpc_endpoint_service.elastic_inference_runtime",
            "module.vpc.data.aws_vpc_endpoint_service.elasticbeanstalk",
            "module.vpc.data.aws_vpc_endpoint_service.elasticbeanstalk_health",
            "module.vpc.data.aws_vpc_endpoint_service.elasticloadbalancing",
            "module.vpc.data.aws_vpc_endpoint_service.emr",
            "module.vpc.data.aws_vpc_endpoint_service.events",
            "module.vpc.data.aws_vpc_endpoint_service.git_codecommit",
            "module.vpc.data.aws_vpc_endpoint_service.glue",
            "module.vpc.data.aws_vpc_endpoint_service.kinesis_firehose",
            "module.vpc.data.aws_vpc_endpoint_service.kinesis_streams",
            "module.vpc.data.aws_vpc_endpoint_service.kms",
            "module.vpc.data.aws_vpc_endpoint_service.lambda",
            "module.vpc.data.aws_vpc_endpoint_service.logs",
            "module.vpc.data.aws_vpc_endpoint_service.monitoring",
            "module.vpc.data.aws_vpc_endpoint_service.qldb_session",
            "module.vpc.data.aws_vpc_endpoint_service.rds",
            "module.vpc.data.aws_vpc_endpoint_service.rekognition",
            "module.vpc.data.aws_vpc_endpoint_service.s3",
            "module.vpc.data.aws_vpc_endpoint_service.sagemaker_api",
            "module.vpc.data.aws_vpc_endpoint_service.sagemaker_notebook",
            "module.vpc.data.aws_vpc_endpoint_service.sagemaker_runtime",
            "module.vpc.data.aws_vpc_endpoint_service.secretsmanager",
            "module.vpc.data.aws_vpc_endpoint_service.servicecatalog",
            "module.vpc.data.aws_vpc_endpoint_service.ses",
            "module.vpc.data.aws_vpc_endpoint_service.sms",
            "module.vpc.data.aws_vpc_endpoint_service.sns",
            "module.vpc.data.aws_vpc_endpoint_service.sqs",
            "module.vpc.data.aws_vpc_endpoint_service.ssm",
            "module.vpc.data.aws_vpc_endpoint_service.ssmmessages",
            "module.vpc.data.aws_vpc_endpoint_service.states",
            "module.vpc.data.aws_vpc_endpoint_service.storagegateway",
            "module.vpc.data.aws_vpc_endpoint_service.sts",
            "module.vpc.data.aws_vpc_endpoint_service.textract",
            "module.vpc.data.aws_vpc_endpoint_service.transfer",
            "module.vpc.data.aws_vpc_endpoint_service.transferserver",
            "module.vpc.data.aws_vpc_endpoint_service.workspaces"
          ],
          "create_before_destroy": true
        }
      ]
    },
    {
      "module": "module.alb",
      "mode": "managed",
      "type": "aws_lb_target_group_attachment",
      "name": "this",
      "provider": "provider[\"registry.terraform.io/hashicorp/aws\"]",
      "instances": [
        {
          "index_key": "0.my_app1_vm1",
          "schema_version": 0,
          "attributes": {
            "availability_zone": null,
            "id": "arn:aws:elasticloadbalancing:us-east-1:436369525070:targetgroup/app1-20220806154547008900000003/1974d3a52db1a7fd-20220806154558756800000005",
            "port": 80,
            "target_group_arn": "arn:aws:elasticloadbalancing:us-east-1:436369525070:targetgroup/app1-20220806154547008900000003/1974d3a52db1a7fd",
            "target_id": "i-0434a8ecd1e57563b"
          },
          "sensitive_attributes": [],
          "private": "bnVsbA==",
          "dependencies": [
            "data.aws_ami.amzlinux2",
            "module.alb.aws_lb.this",
            "module.alb.aws_lb_target_group.main",
            "module.ec2_private.aws_instance.this",
            "module.loadbalancer_sg.aws_security_group.this",
            "module.loadbalancer_sg.aws_security_group.this_name_prefix",
            "module.private_sg.aws_security_group.this",
            "module.private_sg.aws_security_group.this_name_prefix",
            "module.vpc.aws_cloudwatch_log_group.flow_log",
            "module.vpc.aws_customer_gateway.this",
            "module.vpc.aws_db_subnet_group.database",
            "module.vpc.aws_default_network_acl.this",
            "module.vpc.aws_default_route_table.default",
            "module.vpc.aws_default_security_group.this",
            "module.vpc.aws_default_vpc.this",
            "module.vpc.aws_egress_only_internet_gateway.this",
            "module.vpc.aws_eip.nat",
            "module.vpc.aws_elasticache_subnet_group.elasticache",
            "module.vpc.aws_flow_log.this",
            "module.vpc.aws_iam_policy.vpc_flow_log_cloudwatch",
            "module.vpc.aws_iam_role.vpc_flow_log_cloudwatch",
            "module.vpc.aws_iam_role_policy_attachment.vpc_flow_log_cloudwatch",
            "module.vpc.aws_internet_gateway.this",
            "module.vpc.aws_nat_gateway.this",
            "module.vpc.aws_network_acl.database",
            "module.vpc.aws_network_acl.elasticache",
            "module.vpc.aws_network_acl.intra",
            "module.vpc.aws_network_acl.outpost",
            "module.vpc.aws_network_acl.private",
            "module.vpc.aws_network_acl.public",
            "module.vpc.aws_network_acl.redshift",
            "module.vpc.aws_network_acl_rule.database_inbound",
            "module.vpc.aws_network_acl_rule.database_outbound",
            "module.vpc.aws_network_acl_rule.elasticache_inbound",
            "module.vpc.aws_network_acl_rule.elasticache_outbound",
            "module.vpc.aws_network_acl_rule.intra_inbound",
            "module.vpc.aws_network_acl_rule.intra_outbound",
            "module.vpc.aws_network_acl_rule.outpost_inbound",
            "module.vpc.aws_network_acl_rule.outpost_outbound",
            "module.vpc.aws_network_acl_rule.private_inbound",
            "module.vpc.aws_network_acl_rule.private_outbound",
            "module.vpc.aws_network_acl_rule.public_inbound",
            "module.vpc.aws_network_acl_rule.public_outbound",
            "module.vpc.aws_network_acl_rule.redshift_inbound",
            "module.vpc.aws_network_acl_rule.redshift_outbound",
            "module.vpc.aws_redshift_subnet_group.redshift",
            "module.vpc.aws_route.database_internet_gateway",
            "module.vpc.aws_route.database_ipv6_egress",
            "module.vpc.aws_route.database_nat_gateway",
            "module.vpc.aws_route.private_ipv6_egress",
            "module.vpc.aws_route.private_nat_gateway",
            "module.vpc.aws_route.public_internet_gateway",
            "module.vpc.aws_route.public_internet_gateway_ipv6",
            "module.vpc.aws_route_table.database",
            "module.vpc.aws_route_table.elasticache",
            "module.vpc.aws_route_table.intra",
            "module.vpc.aws_route_table.private",
            "module.vpc.aws_route_table.public",
            "module.vpc.aws_route_table.redshift",
            "module.vpc.aws_route_table_association.database",
            "module.vpc.aws_route_table_association.elasticache",
            "module.vpc.aws_route_table_association.intra",
            "module.vpc.aws_route_table_association.outpost",
            "module.vpc.aws_route_table_association.private",
            "module.vpc.aws_route_table_association.public",
            "module.vpc.aws_route_table_association.redshift",
            "module.vpc.aws_route_table_association.redshift_public",
            "module.vpc.aws_subnet.database",
            "module.vpc.aws_subnet.elasticache",
            "module.vpc.aws_subnet.intra",
            "module.vpc.aws_subnet.outpost",
            "module.vpc.aws_subnet.private",
            "module.vpc.aws_subnet.public",
            "module.vpc.aws_subnet.redshift",
            "module.vpc.aws_vpc.this",
            "module.vpc.aws_vpc_dhcp_options.this",
            "module.vpc.aws_vpc_dhcp_options_association.this",
            "module.vpc.aws_vpc_endpoint.access_analyzer",
            "module.vpc.aws_vpc_endpoint.acm_pca",
            "module.vpc.aws_vpc_endpoint.apigw",
            "module.vpc.aws_vpc_endpoint.appmesh_envoy_management",
            "module.vpc.aws_vpc_endpoint.appstream_api",
            "module.vpc.aws_vpc_endpoint.appstream_streaming",
            "module.vpc.aws_vpc_endpoint.athena",
            "module.vpc.aws_vpc_endpoint.auto_scaling_plans",
            "module.vpc.aws_vpc_endpoint.cloud_directory",
            "module.vpc.aws_vpc_endpoint.cloudformation",
            "module.vpc.aws_vpc_endpoint.cloudtrail",
            "module.vpc.aws_vpc_endpoint.codeartifact_api",
            "module.vpc.aws_vpc_endpoint.codeartifact_repositories",
            "module.vpc.aws_vpc_endpoint.codebuild",
            "module.vpc.aws_vpc_endpoint.codecommit",
            "module.vpc.aws_vpc_endpoint.codedeploy",
            "module.vpc.aws_vpc_endpoint.codedeploy_commands_secure",
            "module.vpc.aws_vpc_endpoint.codepipeline",
            "module.vpc.aws_vpc_endpoint.config",
            "module.vpc.aws_vpc_endpoint.datasync",
            "module.vpc.aws_vpc_endpoint.dms",
            "module.vpc.aws_vpc_endpoint.dynamodb",
            "module.vpc.aws_vpc_endpoint.ebs",
            "module.vpc.aws_vpc_endpoint.ec2",
            "module.vpc.aws_vpc_endpoint.ec2_autoscaling",
            "module.vpc.aws_vpc_endpoint.ec2messages",
            "module.vpc.aws_vpc_endpoint.ecr_api",
            "module.vpc.aws_vpc_endpoint.ecr_dkr",
            "module.vpc.aws_vpc_endpoint.ecs",
            "module.vpc.aws_vpc_endpoint.ecs_agent",
            "module.vpc.aws_vpc_endpoint.ecs_telemetry",
            "module.vpc.aws_vpc_endpoint.efs",
            "module.vpc.aws_vpc_endpoint.elastic_inference_runtime",
            "module.vpc.aws_vpc_endpoint.elasticbeanstalk",
            "module.vpc.aws_vpc_endpoint.elasticbeanstalk_health",
            "module.vpc.aws_vpc_endpoint.elasticloadbalancing",
            "module.vpc.aws_vpc_endpoint.emr",
            "module.vpc.aws_vpc_endpoint.events",
            "module.vpc.aws_vpc_endpoint.git_codecommit",
            "module.vpc.aws_vpc_endpoint.glue",
            "module.vpc.aws_vpc_endpoint.kinesis_firehose",
            "module.vpc.aws_vpc_endpoint.kinesis_streams",
            "module.vpc.aws_vpc_endpoint.kms",
            "module.vpc.aws_vpc_endpoint.lambda",
            "module.vpc.aws_vpc_endpoint.logs",
            "module.vpc.aws_vpc_endpoint.monitoring",
            "module.vpc.aws_vpc_endpoint.qldb_session",
            "module.vpc.aws_vpc_endpoint.rds",
            "module.vpc.aws_vpc_endpoint.rekognition",
            "module.vpc.aws_vpc_endpoint.s3",
            "module.vpc.aws_vpc_endpoint.sagemaker_api",
            "module.vpc.aws_vpc_endpoint.sagemaker_notebook",
            "module.vpc.aws_vpc_endpoint.sagemaker_runtime",
            "module.vpc.aws_vpc_endpoint.secretsmanager",
            "module.vpc.aws_vpc_endpoint.servicecatalog",
            "module.vpc.aws_vpc_endpoint.ses",
            "module.vpc.aws_vpc_endpoint.sms",
            "module.vpc.aws_vpc_endpoint.sns",
            "module.vpc.aws_vpc_endpoint.sqs",
            "module.vpc.aws_vpc_endpoint.ssm",
            "module.vpc.aws_vpc_endpoint.ssmmessages",
            "module.vpc.aws_vpc_endpoint.states",
            "module.vpc.aws_vpc_endpoint.storagegateway",
            "module.vpc.aws_vpc_endpoint.sts",
            "module.vpc.aws_vpc_endpoint.textract",
            "module.vpc.aws_vpc_endpoint.transfer",
            "module.vpc.aws_vpc_endpoint.transferserver",
            "module.vpc.aws_vpc_endpoint.workspaces",
            "module.vpc.aws_vpc_endpoint_route_table_association.intra_dynamodb",
            "module.vpc.aws_vpc_endpoint_route_table_association.intra_s3",
            "module.vpc.aws_vpc_endpoint_route_table_association.private_dynamodb",
            "module.vpc.aws_vpc_endpoint_route_table_association.private_s3",
            "module.vpc.aws_vpc_endpoint_route_table_association.public_dynamodb",
            "module.vpc.aws_vpc_endpoint_route_table_association.public_s3",
            "module.vpc.aws_vpc_ipv4_cidr_block_association.this",
            "module.vpc.aws_vpn_gateway.this",
            "module.vpc.aws_vpn_gateway_attachment.this",
            "module.vpc.aws_vpn_gateway_route_propagation.intra",
            "module.vpc.aws_vpn_gateway_route_propagation.private",
            "module.vpc.aws_vpn_gateway_route_propagation.public",
            "module.vpc.data.aws_iam_policy_document.flow_log_cloudwatch_assume_role",
            "module.vpc.data.aws_iam_policy_document.vpc_flow_log_cloudwatch",
            "module.vpc.data.aws_vpc_endpoint_service.access_analyzer",
            "module.vpc.data.aws_vpc_endpoint_service.acm_pca",
            "module.vpc.data.aws_vpc_endpoint_service.apigw",
            "module.vpc.data.aws_vpc_endpoint_service.appmesh_envoy_management",
            "module.vpc.data.aws_vpc_endpoint_service.appstream_api",
            "module.vpc.data.aws_vpc_endpoint_service.appstream_streaming",
            "module.vpc.data.aws_vpc_endpoint_service.athena",
            "module.vpc.data.aws_vpc_endpoint_service.auto_scaling_plans",
            "module.vpc.data.aws_vpc_endpoint_service.cloud_directory",
            "module.vpc.data.aws_vpc_endpoint_service.cloudformation",
            "module.vpc.data.aws_vpc_endpoint_service.cloudtrail",
            "module.vpc.data.aws_vpc_endpoint_service.codeartifact_api",
            "module.vpc.data.aws_vpc_endpoint_service.codeartifact_repositories",
            "module.vpc.data.aws_vpc_endpoint_service.codebuild",
            "module.vpc.data.aws_vpc_endpoint_service.codecommit",
            "module.vpc.data.aws_vpc_endpoint_service.codedeploy",
            "module.vpc.data.aws_vpc_endpoint_service.codedeploy_commands_secure",
            "module.vpc.data.aws_vpc_endpoint_service.codepipeline",
            "module.vpc.data.aws_vpc_endpoint_service.config",
            "module.vpc.data.aws_vpc_endpoint_service.datasync",
            "module.vpc.data.aws_vpc_endpoint_service.dms",
            "module.vpc.data.aws_vpc_endpoint_service.dynamodb",
            "module.vpc.data.aws_vpc_endpoint_service.ebs",
            "module.vpc.data.aws_vpc_endpoint_service.ec2",
            "module.vpc.data.aws_vpc_endpoint_service.ec2_autoscaling",
            "module.vpc.data.aws_vpc_endpoint_service.ec2messages",
            "module.vpc.data.aws_vpc_endpoint_service.ecr_api",
            "module.vpc.data.aws_vpc_endpoint_service.ecr_dkr",
            "module.vpc.data.aws_vpc_endpoint_service.ecs",
            "module.vpc.data.aws_vpc_endpoint_service.ecs_agent",
            "module.vpc.data.aws_vpc_endpoint_service.ecs_telemetry",
            "module.vpc.data.aws_vpc_endpoint_service.efs",
            "module.vpc.data.aws_vpc_endpoint_service.elastic_inference_runtime",
            "module.vpc.data.aws_vpc_endpoint_service.elasticbeanstalk",
            "module.vpc.data.aws_vpc_endpoint_service.elasticbeanstalk_health",
            "module.vpc.data.aws_vpc_endpoint_service.elasticloadbalancing",
            "module.vpc.data.aws_vpc_endpoint_service.emr",
            "module.vpc.data.aws_vpc_endpoint_service.events",
            "module.vpc.data.aws_vpc_endpoint_service.git_codecommit",
            "module.vpc.data.aws_vpc_endpoint_service.glue",
            "module.vpc.data.aws_vpc_endpoint_service.kinesis_firehose",
            "module.vpc.data.aws_vpc_endpoint_service.kinesis_streams",
            "module.vpc.data.aws_vpc_endpoint_service.kms",
            "module.vpc.data.aws_vpc_endpoint_service.lambda",
            "module.vpc.data.aws_vpc_endpoint_service.logs",
            "module.vpc.data.aws_vpc_endpoint_service.monitoring",
            "module.vpc.data.aws_vpc_endpoint_service.qldb_session",
            "module.vpc.data.aws_vpc_endpoint_service.rds",
            "module.vpc.data.aws_vpc_endpoint_service.rekognition",
            "module.vpc.data.aws_vpc_endpoint_service.s3",
            "module.vpc.data.aws_vpc_endpoint_service.sagemaker_api",
            "module.vpc.data.aws_vpc_endpoint_service.sagemaker_notebook",
            "module.vpc.data.aws_vpc_endpoint_service.sagemaker_runtime",
            "module.vpc.data.aws_vpc_endpoint_service.secretsmanager",
            "module.vpc.data.aws_vpc_endpoint_service.servicecatalog",
            "module.vpc.data.aws_vpc_endpoint_service.ses",
            "module.vpc.data.aws_vpc_endpoint_service.sms",
            "module.vpc.data.aws_vpc_endpoint_service.sns",
            "module.vpc.data.aws_vpc_endpoint_service.sqs",
            "module.vpc.data.aws_vpc_endpoint_service.ssm",
            "module.vpc.data.aws_vpc_endpoint_service.ssmmessages",
            "module.vpc.data.aws_vpc_endpoint_service.states",
            "module.vpc.data.aws_vpc_endpoint_service.storagegateway",
            "module.vpc.data.aws_vpc_endpoint_service.sts",
            "module.vpc.data.aws_vpc_endpoint_service.textract",
            "module.vpc.data.aws_vpc_endpoint_service.transfer",
            "module.vpc.data.aws_vpc_endpoint_service.transferserver",
            "module.vpc.data.aws_vpc_endpoint_service.workspaces"
          ]
        },
        {
          "index_key": "0.my_app1_vm2",
          "schema_version": 0,
          "attributes": {
            "availability_zone": null,
            "id": "arn:aws:elasticloadbalancing:us-east-1:436369525070:targetgroup/app1-20220806154547008900000003/1974d3a52db1a7fd-20220806154558032800000004",
            "port": 80,
            "target_group_arn": "arn:aws:elasticloadbalancing:us-east-1:436369525070:targetgroup/app1-20220806154547008900000003/1974d3a52db1a7fd",
            "target_id": "i-0fb46166e2d48d3db"
          },
          "sensitive_attributes": [],
          "private": "bnVsbA==",
          "dependencies": [
            "data.aws_ami.amzlinux2",
            "module.alb.aws_lb.this",
            "module.alb.aws_lb_target_group.main",
            "module.ec2_private.aws_instance.this",
            "module.loadbalancer_sg.aws_security_group.this",
            "module.loadbalancer_sg.aws_security_group.this_name_prefix",
            "module.private_sg.aws_security_group.this",
            "module.private_sg.aws_security_group.this_name_prefix",
            "module.vpc.aws_cloudwatch_log_group.flow_log",
            "module.vpc.aws_customer_gateway.this",
            "module.vpc.aws_db_subnet_group.database",
            "module.vpc.aws_default_network_acl.this",
            "module.vpc.aws_default_route_table.default",
            "module.vpc.aws_default_security_group.this",
            "module.vpc.aws_default_vpc.this",
            "module.vpc.aws_egress_only_internet_gateway.this",
            "module.vpc.aws_eip.nat",
            "module.vpc.aws_elasticache_subnet_group.elasticache",
            "module.vpc.aws_flow_log.this",
            "module.vpc.aws_iam_policy.vpc_flow_log_cloudwatch",
            "module.vpc.aws_iam_role.vpc_flow_log_cloudwatch",
            "module.vpc.aws_iam_role_policy_attachment.vpc_flow_log_cloudwatch",
            "module.vpc.aws_internet_gateway.this",
            "module.vpc.aws_nat_gateway.this",
            "module.vpc.aws_network_acl.database",
            "module.vpc.aws_network_acl.elasticache",
            "module.vpc.aws_network_acl.intra",
            "module.vpc.aws_network_acl.outpost",
            "module.vpc.aws_network_acl.private",
            "module.vpc.aws_network_acl.public",
            "module.vpc.aws_network_acl.redshift",
            "module.vpc.aws_network_acl_rule.database_inbound",
            "module.vpc.aws_network_acl_rule.database_outbound",
            "module.vpc.aws_network_acl_rule.elasticache_inbound",
            "module.vpc.aws_network_acl_rule.elasticache_outbound",
            "module.vpc.aws_network_acl_rule.intra_inbound",
            "module.vpc.aws_network_acl_rule.intra_outbound",
            "module.vpc.aws_network_acl_rule.outpost_inbound",
            "module.vpc.aws_network_acl_rule.outpost_outbound",
            "module.vpc.aws_network_acl_rule.private_inbound",
            "module.vpc.aws_network_acl_rule.private_outbound",
            "module.vpc.aws_network_acl_rule.public_inbound",
            "module.vpc.aws_network_acl_rule.public_outbound",
            "module.vpc.aws_network_acl_rule.redshift_inbound",
            "module.vpc.aws_network_acl_rule.redshift_outbound",
            "module.vpc.aws_redshift_subnet_group.redshift",
            "module.vpc.aws_route.database_internet_gateway",
            "module.vpc.aws_route.database_ipv6_egress",
            "module.vpc.aws_route.database_nat_gateway",
            "module.vpc.aws_route.private_ipv6_egress",
            "module.vpc.aws_route.private_nat_gateway",
            "module.vpc.aws_route.public_internet_gateway",
            "module.vpc.aws_route.public_internet_gateway_ipv6",
            "module.vpc.aws_route_table.database",
            "module.vpc.aws_route_table.elasticache",
            "module.vpc.aws_route_table.intra",
            "module.vpc.aws_route_table.private",
            "module.vpc.aws_route_table.public",
            "module.vpc.aws_route_table.redshift",
            "module.vpc.aws_route_table_association.database",
            "module.vpc.aws_route_table_association.elasticache",
            "module.vpc.aws_route_table_association.intra",
            "module.vpc.aws_route_table_association.outpost",
            "module.vpc.aws_route_table_association.private",
            "module.vpc.aws_route_table_association.public",
            "module.vpc.aws_route_table_association.redshift",
            "module.vpc.aws_route_table_association.redshift_public",
            "module.vpc.aws_subnet.database",
            "module.vpc.aws_subnet.elasticache",
            "module.vpc.aws_subnet.intra",
            "module.vpc.aws_subnet.outpost",
            "module.vpc.aws_subnet.private",
            "module.vpc.aws_subnet.public",
            "module.vpc.aws_subnet.redshift",
            "module.vpc.aws_vpc.this",
            "module.vpc.aws_vpc_dhcp_options.this",
            "module.vpc.aws_vpc_dhcp_options_association.this",
            "module.vpc.aws_vpc_endpoint.access_analyzer",
            "module.vpc.aws_vpc_endpoint.acm_pca",
            "module.vpc.aws_vpc_endpoint.apigw",
            "module.vpc.aws_vpc_endpoint.appmesh_envoy_management",
            "module.vpc.aws_vpc_endpoint.appstream_api",
            "module.vpc.aws_vpc_endpoint.appstream_streaming",
            "module.vpc.aws_vpc_endpoint.athena",
            "module.vpc.aws_vpc_endpoint.auto_scaling_plans",
            "module.vpc.aws_vpc_endpoint.cloud_directory",
            "module.vpc.aws_vpc_endpoint.cloudformation",
            "module.vpc.aws_vpc_endpoint.cloudtrail",
            "module.vpc.aws_vpc_endpoint.codeartifact_api",
            "module.vpc.aws_vpc_endpoint.codeartifact_repositories",
            "module.vpc.aws_vpc_endpoint.codebuild",
            "module.vpc.aws_vpc_endpoint.codecommit",
            "module.vpc.aws_vpc_endpoint.codedeploy",
            "module.vpc.aws_vpc_endpoint.codedeploy_commands_secure",
            "module.vpc.aws_vpc_endpoint.codepipeline",
            "module.vpc.aws_vpc_endpoint.config",
            "module.vpc.aws_vpc_endpoint.datasync",
            "module.vpc.aws_vpc_endpoint.dms",
            "module.vpc.aws_vpc_endpoint.dynamodb",
            "module.vpc.aws_vpc_endpoint.ebs",
            "module.vpc.aws_vpc_endpoint.ec2",
            "module.vpc.aws_vpc_endpoint.ec2_autoscaling",
            "module.vpc.aws_vpc_endpoint.ec2messages",
            "module.vpc.aws_vpc_endpoint.ecr_api",
            "module.vpc.aws_vpc_endpoint.ecr_dkr",
            "module.vpc.aws_vpc_endpoint.ecs",
            "module.vpc.aws_vpc_endpoint.ecs_agent",
            "module.vpc.aws_vpc_endpoint.ecs_telemetry",
            "module.vpc.aws_vpc_endpoint.efs",
            "module.vpc.aws_vpc_endpoint.elastic_inference_runtime",
            "module.vpc.aws_vpc_endpoint.elasticbeanstalk",
            "module.vpc.aws_vpc_endpoint.elasticbeanstalk_health",
            "module.vpc.aws_vpc_endpoint.elasticloadbalancing",
            "module.vpc.aws_vpc_endpoint.emr",
            "module.vpc.aws_vpc_endpoint.events",
            "module.vpc.aws_vpc_endpoint.git_codecommit",
            "module.vpc.aws_vpc_endpoint.glue",
            "module.vpc.aws_vpc_endpoint.kinesis_firehose",
            "module.vpc.aws_vpc_endpoint.kinesis_streams",
            "module.vpc.aws_vpc_endpoint.kms",
            "module.vpc.aws_vpc_endpoint.lambda",
            "module.vpc.aws_vpc_endpoint.logs",
            "module.vpc.aws_vpc_endpoint.monitoring",
            "module.vpc.aws_vpc_endpoint.qldb_session",
            "module.vpc.aws_vpc_endpoint.rds",
            "module.vpc.aws_vpc_endpoint.rekognition",
            "module.vpc.aws_vpc_endpoint.s3",
            "module.vpc.aws_vpc_endpoint.sagemaker_api",
            "module.vpc.aws_vpc_endpoint.sagemaker_notebook",
            "module.vpc.aws_vpc_endpoint.sagemaker_runtime",
            "module.vpc.aws_vpc_endpoint.secretsmanager",
            "module.vpc.aws_vpc_endpoint.servicecatalog",
            "module.vpc.aws_vpc_endpoint.ses",
            "module.vpc.aws_vpc_endpoint.sms",
            "module.vpc.aws_vpc_endpoint.sns",
            "module.vpc.aws_vpc_endpoint.sqs",
            "module.vpc.aws_vpc_endpoint.ssm",
            "module.vpc.aws_vpc_endpoint.ssmmessages",
            "module.vpc.aws_vpc_endpoint.states",
            "module.vpc.aws_vpc_endpoint.storagegateway",
            "module.vpc.aws_vpc_endpoint.sts",
            "module.vpc.aws_vpc_endpoint.textract",
            "module.vpc.aws_vpc_endpoint.transfer",
            "module.vpc.aws_vpc_endpoint.transferserver",
            "module.vpc.aws_vpc_endpoint.workspaces",
            "module.vpc.aws_vpc_endpoint_route_table_association.intra_dynamodb",
            "module.vpc.aws_vpc_endpoint_route_table_association.intra_s3",
            "module.vpc.aws_vpc_endpoint_route_table_association.private_dynamodb",
            "module.vpc.aws_vpc_endpoint_route_table_association.private_s3",
            "module.vpc.aws_vpc_endpoint_route_table_association.public_dynamodb",
            "module.vpc.aws_vpc_endpoint_route_table_association.public_s3",
            "module.vpc.aws_vpc_ipv4_cidr_block_association.this",
            "module.vpc.aws_vpn_gateway.this",
            "module.vpc.aws_vpn_gateway_attachment.this",
            "module.vpc.aws_vpn_gateway_route_propagation.intra",
            "module.vpc.aws_vpn_gateway_route_propagation.private",
            "module.vpc.aws_vpn_gateway_route_propagation.public",
            "module.vpc.data.aws_iam_policy_document.flow_log_cloudwatch_assume_role",
            "module.vpc.data.aws_iam_policy_document.vpc_flow_log_cloudwatch",
            "module.vpc.data.aws_vpc_endpoint_service.access_analyzer",
            "module.vpc.data.aws_vpc_endpoint_service.acm_pca",
            "module.vpc.data.aws_vpc_endpoint_service.apigw",
            "module.vpc.data.aws_vpc_endpoint_service.appmesh_envoy_management",
            "module.vpc.data.aws_vpc_endpoint_service.appstream_api",
            "module.vpc.data.aws_vpc_endpoint_service.appstream_streaming",
            "module.vpc.data.aws_vpc_endpoint_service.athena",
            "module.vpc.data.aws_vpc_endpoint_service.auto_scaling_plans",
            "module.vpc.data.aws_vpc_endpoint_service.cloud_directory",
            "module.vpc.data.aws_vpc_endpoint_service.cloudformation",
            "module.vpc.data.aws_vpc_endpoint_service.cloudtrail",
            "module.vpc.data.aws_vpc_endpoint_service.codeartifact_api",
            "module.vpc.data.aws_vpc_endpoint_service.codeartifact_repositories",
            "module.vpc.data.aws_vpc_endpoint_service.codebuild",
            "module.vpc.data.aws_vpc_endpoint_service.codecommit",
            "module.vpc.data.aws_vpc_endpoint_service.codedeploy",
            "module.vpc.data.aws_vpc_endpoint_service.codedeploy_commands_secure",
            "module.vpc.data.aws_vpc_endpoint_service.codepipeline",
            "module.vpc.data.aws_vpc_endpoint_service.config",
            "module.vpc.data.aws_vpc_endpoint_service.datasync",
            "module.vpc.data.aws_vpc_endpoint_service.dms",
            "module.vpc.data.aws_vpc_endpoint_service.dynamodb",
            "module.vpc.data.aws_vpc_endpoint_service.ebs",
            "module.vpc.data.aws_vpc_endpoint_service.ec2",
            "module.vpc.data.aws_vpc_endpoint_service.ec2_autoscaling",
            "module.vpc.data.aws_vpc_endpoint_service.ec2messages",
            "module.vpc.data.aws_vpc_endpoint_service.ecr_api",
            "module.vpc.data.aws_vpc_endpoint_service.ecr_dkr",
            "module.vpc.data.aws_vpc_endpoint_service.ecs",
            "module.vpc.data.aws_vpc_endpoint_service.ecs_agent",
            "module.vpc.data.aws_vpc_endpoint_service.ecs_telemetry",
            "module.vpc.data.aws_vpc_endpoint_service.efs",
            "module.vpc.data.aws_vpc_endpoint_service.elastic_inference_runtime",
            "module.vpc.data.aws_vpc_endpoint_service.elasticbeanstalk",
            "module.vpc.data.aws_vpc_endpoint_service.elasticbeanstalk_health",
            "module.vpc.data.aws_vpc_endpoint_service.elasticloadbalancing",
            "module.vpc.data.aws_vpc_endpoint_service.emr",
            "module.vpc.data.aws_vpc_endpoint_service.events",
            "module.vpc.data.aws_vpc_endpoint_service.git_codecommit",
            "module.vpc.data.aws_vpc_endpoint_service.glue",
            "module.vpc.data.aws_vpc_endpoint_service.kinesis_firehose",
            "module.vpc.data.aws_vpc_endpoint_service.kinesis_streams",
            "module.vpc.data.aws_vpc_endpoint_service.kms",
            "module.vpc.data.aws_vpc_endpoint_service.lambda",
            "module.vpc.data.aws_vpc_endpoint_service.logs",
            "module.vpc.data.aws_vpc_endpoint_service.monitoring",
            "module.vpc.data.aws_vpc_endpoint_service.qldb_session",
            "module.vpc.data.aws_vpc_endpoint_service.rds",
            "module.vpc.data.aws_vpc_endpoint_service.rekognition",
            "module.vpc.data.aws_vpc_endpoint_service.s3",
            "module.vpc.data.aws_vpc_endpoint_service.sagemaker_api",
            "module.vpc.data.aws_vpc_endpoint_service.sagemaker_notebook",
            "module.vpc.data.aws_vpc_endpoint_service.sagemaker_runtime",
            "module.vpc.data.aws_vpc_endpoint_service.secretsmanager",
            "module.vpc.data.aws_vpc_endpoint_service.servicecatalog",
            "module.vpc.data.aws_vpc_endpoint_service.ses",
            "module.vpc.data.aws_vpc_endpoint_service.sms",
            "module.vpc.data.aws_vpc_endpoint_service.sns",
            "module.vpc.data.aws_vpc_endpoint_service.sqs",
            "module.vpc.data.aws_vpc_endpoint_service.ssm",
            "module.vpc.data.aws_vpc_endpoint_service.ssmmessages",
            "module.vpc.data.aws_vpc_endpoint_service.states",
            "module.vpc.data.aws_vpc_endpoint_service.storagegateway",
            "module.vpc.data.aws_vpc_endpoint_service.sts",
            "module.vpc.data.aws_vpc_endpoint_service.textract",
            "module.vpc.data.aws_vpc_endpoint_service.transfer",
            "module.vpc.data.aws_vpc_endpoint_service.transferserver",
            "module.vpc.data.aws_vpc_endpoint_service.workspaces"
          ]
        }
      ]
    },
    {
      "module": "module.ec2_private",
      "mode": "managed",
      "type": "aws_instance",
      "name": "this",
      "provider": "provider[\"registry.terraform.io/hashicorp/aws\"]",
      "instances": [
        {
          "index_key": 0,
          "schema_version": 1,
          "attributes": {
            "ami": "ami-0cabc39acf991f4f1",
            "arn": "arn:aws:ec2:us-east-1:436369525070:instance/i-0434a8ecd1e57563b",
            "associate_public_ip_address": true,
            "availability_zone": "us-east-1a",
            "capacity_reservation_specification": [
              {
                "capacity_reservation_preference": "open",
                "capacity_reservation_target": []
              }
            ],
            "cpu_core_count": 1,
            "cpu_threads_per_core": 1,
            "credit_specification": [
              {
                "cpu_credits": "standard"
              }
            ],
            "disable_api_termination": false,
            "ebs_block_device": [],
            "ebs_optimized": false,
            "enclave_options": [
              {
                "enabled": false
              }
            ],
            "ephemeral_block_device": [],
            "get_password_data": false,
            "hibernation": false,
            "host_id": null,
            "iam_instance_profile": "",
            "id": "i-0434a8ecd1e57563b",
            "instance_initiated_shutdown_behavior": "stop",
            "instance_state": "running",
            "instance_type": "t2.micro",
            "ipv6_address_count": 0,
            "ipv6_addresses": [],
            "key_name": "terraform-key",
            "launch_template": [],
            "metadata_options": [
              {
                "http_endpoint": "enabled",
                "http_put_response_hop_limit": 1,
                "http_tokens": "optional",
                "instance_metadata_tags": "disabled"
              }
            ],
            "monitoring": false,
            "network_interface": [],
            "outpost_arn": "",
            "password_data": "",
            "placement_group": "",
            "placement_partition_number": null,
            "primary_network_interface_id": "eni-054aefabb6da02a4a",
            "private_dns": "ip-10-0-101-128.ec2.internal",
            "private_ip": "10.0.101.128",
            "public_dns": "ec2-34-229-179-57.compute-1.amazonaws.com",
            "public_ip": "34.229.179.57",
            "root_block_device": [
              {
                "delete_on_termination": true,
                "device_name": "/dev/xvda",
                "encrypted": false,
                "iops": 100,
                "kms_key_id": "",
                "tags": {},
                "throughput": 0,
                "volume_id": "vol-071c8ff4cda24cd84",
                "volume_size": 8,
                "volume_type": "gp2"
              }
            ],
            "secondary_private_ips": [],
            "security_groups": [],
            "source_dest_check": true,
            "subnet_id": "subnet-0176a4922d30df696",
            "tags": {
              "Name": "dev-vm-1"
            },
            "tags_all": {
              "Name": "dev-vm-1"
            },
            "tenancy": "default",
            "timeouts": null,
            "user_data": "ebc168dd45e4665005b9c7bc02bc0684c86c4828",
            "user_data_base64": null,
            "volume_tags": {
              "Name": "dev-vm-1"
            },
            "vpc_security_group_ids": [
              "sg-0a4ef2faf46606fee"
            ]
          },
          "sensitive_attributes": [],
          "private": "eyJlMmJmYjczMC1lY2FhLTExZTYtOGY4OC0zNDM2M2JjN2M0YzAiOnsiY3JlYXRlIjo2MDAwMDAwMDAwMDAsImRlbGV0ZSI6MTIwMDAwMDAwMDAwMCwidXBkYXRlIjo2MDAwMDAwMDAwMDB9LCJzY2hlbWFfdmVyc2lvbiI6IjEifQ==",
          "dependencies": [
            "data.aws_ami.amzlinux2",
            "module.private_sg.aws_security_group.this",
            "module.private_sg.aws_security_group.this_name_prefix",
            "module.vpc.aws_cloudwatch_log_group.flow_log",
            "module.vpc.aws_customer_gateway.this",
            "module.vpc.aws_db_subnet_group.database",
            "module.vpc.aws_default_network_acl.this",
            "module.vpc.aws_default_route_table.default",
            "module.vpc.aws_default_security_group.this",
            "module.vpc.aws_default_vpc.this",
            "module.vpc.aws_egress_only_internet_gateway.this",
            "module.vpc.aws_eip.nat",
            "module.vpc.aws_elasticache_subnet_group.elasticache",
            "module.vpc.aws_flow_log.this",
            "module.vpc.aws_iam_policy.vpc_flow_log_cloudwatch",
            "module.vpc.aws_iam_role.vpc_flow_log_cloudwatch",
            "module.vpc.aws_iam_role_policy_attachment.vpc_flow_log_cloudwatch",
            "module.vpc.aws_internet_gateway.this",
            "module.vpc.aws_nat_gateway.this",
            "module.vpc.aws_network_acl.database",
            "module.vpc.aws_network_acl.elasticache",
            "module.vpc.aws_network_acl.intra",
            "module.vpc.aws_network_acl.outpost",
            "module.vpc.aws_network_acl.private",
            "module.vpc.aws_network_acl.public",
            "module.vpc.aws_network_acl.redshift",
            "module.vpc.aws_network_acl_rule.database_inbound",
            "module.vpc.aws_network_acl_rule.database_outbound",
            "module.vpc.aws_network_acl_rule.elasticache_inbound",
            "module.vpc.aws_network_acl_rule.elasticache_outbound",
            "module.vpc.aws_network_acl_rule.intra_inbound",
            "module.vpc.aws_network_acl_rule.intra_outbound",
            "module.vpc.aws_network_acl_rule.outpost_inbound",
            "module.vpc.aws_network_acl_rule.outpost_outbound",
            "module.vpc.aws_network_acl_rule.private_inbound",
            "module.vpc.aws_network_acl_rule.private_outbound",
            "module.vpc.aws_network_acl_rule.public_inbound",
            "module.vpc.aws_network_acl_rule.public_outbound",
            "module.vpc.aws_network_acl_rule.redshift_inbound",
            "module.vpc.aws_network_acl_rule.redshift_outbound",
            "module.vpc.aws_redshift_subnet_group.redshift",
            "module.vpc.aws_route.database_internet_gateway",
            "module.vpc.aws_route.database_ipv6_egress",
            "module.vpc.aws_route.database_nat_gateway",
            "module.vpc.aws_route.private_ipv6_egress",
            "module.vpc.aws_route.private_nat_gateway",
            "module.vpc.aws_route.public_internet_gateway",
            "module.vpc.aws_route.public_internet_gateway_ipv6",
            "module.vpc.aws_route_table.database",
            "module.vpc.aws_route_table.elasticache",
            "module.vpc.aws_route_table.intra",
            "module.vpc.aws_route_table.private",
            "module.vpc.aws_route_table.public",
            "module.vpc.aws_route_table.redshift",
            "module.vpc.aws_route_table_association.database",
            "module.vpc.aws_route_table_association.elasticache",
            "module.vpc.aws_route_table_association.intra",
            "module.vpc.aws_route_table_association.outpost",
            "module.vpc.aws_route_table_association.private",
            "module.vpc.aws_route_table_association.public",
            "module.vpc.aws_route_table_association.redshift",
            "module.vpc.aws_route_table_association.redshift_public",
            "module.vpc.aws_subnet.database",
            "module.vpc.aws_subnet.elasticache",
            "module.vpc.aws_subnet.intra",
            "module.vpc.aws_subnet.outpost",
            "module.vpc.aws_subnet.private",
            "module.vpc.aws_subnet.public",
            "module.vpc.aws_subnet.redshift",
            "module.vpc.aws_vpc.this",
            "module.vpc.aws_vpc_dhcp_options.this",
            "module.vpc.aws_vpc_dhcp_options_association.this",
            "module.vpc.aws_vpc_endpoint.access_analyzer",
            "module.vpc.aws_vpc_endpoint.acm_pca",
            "module.vpc.aws_vpc_endpoint.apigw",
            "module.vpc.aws_vpc_endpoint.appmesh_envoy_management",
            "module.vpc.aws_vpc_endpoint.appstream_api",
            "module.vpc.aws_vpc_endpoint.appstream_streaming",
            "module.vpc.aws_vpc_endpoint.athena",
            "module.vpc.aws_vpc_endpoint.auto_scaling_plans",
            "module.vpc.aws_vpc_endpoint.cloud_directory",
            "module.vpc.aws_vpc_endpoint.cloudformation",
            "module.vpc.aws_vpc_endpoint.cloudtrail",
            "module.vpc.aws_vpc_endpoint.codeartifact_api",
            "module.vpc.aws_vpc_endpoint.codeartifact_repositories",
            "module.vpc.aws_vpc_endpoint.codebuild",
            "module.vpc.aws_vpc_endpoint.codecommit",
            "module.vpc.aws_vpc_endpoint.codedeploy",
            "module.vpc.aws_vpc_endpoint.codedeploy_commands_secure",
            "module.vpc.aws_vpc_endpoint.codepipeline",
            "module.vpc.aws_vpc_endpoint.config",
            "module.vpc.aws_vpc_endpoint.datasync",
            "module.vpc.aws_vpc_endpoint.dms",
            "module.vpc.aws_vpc_endpoint.dynamodb",
            "module.vpc.aws_vpc_endpoint.ebs",
            "module.vpc.aws_vpc_endpoint.ec2",
            "module.vpc.aws_vpc_endpoint.ec2_autoscaling",
            "module.vpc.aws_vpc_endpoint.ec2messages",
            "module.vpc.aws_vpc_endpoint.ecr_api",
            "module.vpc.aws_vpc_endpoint.ecr_dkr",
            "module.vpc.aws_vpc_endpoint.ecs",
            "module.vpc.aws_vpc_endpoint.ecs_agent",
            "module.vpc.aws_vpc_endpoint.ecs_telemetry",
            "module.vpc.aws_vpc_endpoint.efs",
            "module.vpc.aws_vpc_endpoint.elastic_inference_runtime",
            "module.vpc.aws_vpc_endpoint.elasticbeanstalk",
            "module.vpc.aws_vpc_endpoint.elasticbeanstalk_health",
            "module.vpc.aws_vpc_endpoint.elasticloadbalancing",
            "module.vpc.aws_vpc_endpoint.emr",
            "module.vpc.aws_vpc_endpoint.events",
            "module.vpc.aws_vpc_endpoint.git_codecommit",
            "module.vpc.aws_vpc_endpoint.glue",
            "module.vpc.aws_vpc_endpoint.kinesis_firehose",
            "module.vpc.aws_vpc_endpoint.kinesis_streams",
            "module.vpc.aws_vpc_endpoint.kms",
            "module.vpc.aws_vpc_endpoint.lambda",
            "module.vpc.aws_vpc_endpoint.logs",
            "module.vpc.aws_vpc_endpoint.monitoring",
            "module.vpc.aws_vpc_endpoint.qldb_session",
            "module.vpc.aws_vpc_endpoint.rds",
            "module.vpc.aws_vpc_endpoint.rekognition",
            "module.vpc.aws_vpc_endpoint.s3",
            "module.vpc.aws_vpc_endpoint.sagemaker_api",
            "module.vpc.aws_vpc_endpoint.sagemaker_notebook",
            "module.vpc.aws_vpc_endpoint.sagemaker_runtime",
            "module.vpc.aws_vpc_endpoint.secretsmanager",
            "module.vpc.aws_vpc_endpoint.servicecatalog",
            "module.vpc.aws_vpc_endpoint.ses",
            "module.vpc.aws_vpc_endpoint.sms",
            "module.vpc.aws_vpc_endpoint.sns",
            "module.vpc.aws_vpc_endpoint.sqs",
            "module.vpc.aws_vpc_endpoint.ssm",
            "module.vpc.aws_vpc_endpoint.ssmmessages",
            "module.vpc.aws_vpc_endpoint.states",
            "module.vpc.aws_vpc_endpoint.storagegateway",
            "module.vpc.aws_vpc_endpoint.sts",
            "module.vpc.aws_vpc_endpoint.textract",
            "module.vpc.aws_vpc_endpoint.transfer",
            "module.vpc.aws_vpc_endpoint.transferserver",
            "module.vpc.aws_vpc_endpoint.workspaces",
            "module.vpc.aws_vpc_endpoint_route_table_association.intra_dynamodb",
            "module.vpc.aws_vpc_endpoint_route_table_association.intra_s3",
            "module.vpc.aws_vpc_endpoint_route_table_association.private_dynamodb",
            "module.vpc.aws_vpc_endpoint_route_table_association.private_s3",
            "module.vpc.aws_vpc_endpoint_route_table_association.public_dynamodb",
            "module.vpc.aws_vpc_endpoint_route_table_association.public_s3",
            "module.vpc.aws_vpc_ipv4_cidr_block_association.this",
            "module.vpc.aws_vpn_gateway.this",
            "module.vpc.aws_vpn_gateway_attachment.this",
            "module.vpc.aws_vpn_gateway_route_propagation.intra",
            "module.vpc.aws_vpn_gateway_route_propagation.private",
            "module.vpc.aws_vpn_gateway_route_propagation.public",
            "module.vpc.data.aws_iam_policy_document.flow_log_cloudwatch_assume_role",
            "module.vpc.data.aws_iam_policy_document.vpc_flow_log_cloudwatch",
            "module.vpc.data.aws_vpc_endpoint_service.access_analyzer",
            "module.vpc.data.aws_vpc_endpoint_service.acm_pca",
            "module.vpc.data.aws_vpc_endpoint_service.apigw",
            "module.vpc.data.aws_vpc_endpoint_service.appmesh_envoy_management",
            "module.vpc.data.aws_vpc_endpoint_service.appstream_api",
            "module.vpc.data.aws_vpc_endpoint_service.appstream_streaming",
            "module.vpc.data.aws_vpc_endpoint_service.athena",
            "module.vpc.data.aws_vpc_endpoint_service.auto_scaling_plans",
            "module.vpc.data.aws_vpc_endpoint_service.cloud_directory",
            "module.vpc.data.aws_vpc_endpoint_service.cloudformation",
            "module.vpc.data.aws_vpc_endpoint_service.cloudtrail",
            "module.vpc.data.aws_vpc_endpoint_service.codeartifact_api",
            "module.vpc.data.aws_vpc_endpoint_service.codeartifact_repositories",
            "module.vpc.data.aws_vpc_endpoint_service.codebuild",
            "module.vpc.data.aws_vpc_endpoint_service.codecommit",
            "module.vpc.data.aws_vpc_endpoint_service.codedeploy",
            "module.vpc.data.aws_vpc_endpoint_service.codedeploy_commands_secure",
            "module.vpc.data.aws_vpc_endpoint_service.codepipeline",
            "module.vpc.data.aws_vpc_endpoint_service.config",
            "module.vpc.data.aws_vpc_endpoint_service.datasync",
            "module.vpc.data.aws_vpc_endpoint_service.dms",
            "module.vpc.data.aws_vpc_endpoint_service.dynamodb",
            "module.vpc.data.aws_vpc_endpoint_service.ebs",
            "module.vpc.data.aws_vpc_endpoint_service.ec2",
            "module.vpc.data.aws_vpc_endpoint_service.ec2_autoscaling",
            "module.vpc.data.aws_vpc_endpoint_service.ec2messages",
            "module.vpc.data.aws_vpc_endpoint_service.ecr_api",
            "module.vpc.data.aws_vpc_endpoint_service.ecr_dkr",
            "module.vpc.data.aws_vpc_endpoint_service.ecs",
            "module.vpc.data.aws_vpc_endpoint_service.ecs_agent",
            "module.vpc.data.aws_vpc_endpoint_service.ecs_telemetry",
            "module.vpc.data.aws_vpc_endpoint_service.efs",
            "module.vpc.data.aws_vpc_endpoint_service.elastic_inference_runtime",
            "module.vpc.data.aws_vpc_endpoint_service.elasticbeanstalk",
            "module.vpc.data.aws_vpc_endpoint_service.elasticbeanstalk_health",
            "module.vpc.data.aws_vpc_endpoint_service.elasticloadbalancing",
            "module.vpc.data.aws_vpc_endpoint_service.emr",
            "module.vpc.data.aws_vpc_endpoint_service.events",
            "module.vpc.data.aws_vpc_endpoint_service.git_codecommit",
            "module.vpc.data.aws_vpc_endpoint_service.glue",
            "module.vpc.data.aws_vpc_endpoint_service.kinesis_firehose",
            "module.vpc.data.aws_vpc_endpoint_service.kinesis_streams",
            "module.vpc.data.aws_vpc_endpoint_service.kms",
            "module.vpc.data.aws_vpc_endpoint_service.lambda",
            "module.vpc.data.aws_vpc_endpoint_service.logs",
            "module.vpc.data.aws_vpc_endpoint_service.monitoring",
            "module.vpc.data.aws_vpc_endpoint_service.qldb_session",
            "module.vpc.data.aws_vpc_endpoint_service.rds",
            "module.vpc.data.aws_vpc_endpoint_service.rekognition",
            "module.vpc.data.aws_vpc_endpoint_service.s3",
            "module.vpc.data.aws_vpc_endpoint_service.sagemaker_api",
            "module.vpc.data.aws_vpc_endpoint_service.sagemaker_notebook",
            "module.vpc.data.aws_vpc_endpoint_service.sagemaker_runtime",
            "module.vpc.data.aws_vpc_endpoint_service.secretsmanager",
            "module.vpc.data.aws_vpc_endpoint_service.servicecatalog",
            "module.vpc.data.aws_vpc_endpoint_service.ses",
            "module.vpc.data.aws_vpc_endpoint_service.sms",
            "module.vpc.data.aws_vpc_endpoint_service.sns",
            "module.vpc.data.aws_vpc_endpoint_service.sqs",
            "module.vpc.data.aws_vpc_endpoint_service.ssm",
            "module.vpc.data.aws_vpc_endpoint_service.ssmmessages",
            "module.vpc.data.aws_vpc_endpoint_service.states",
            "module.vpc.data.aws_vpc_endpoint_service.storagegateway",
            "module.vpc.data.aws_vpc_endpoint_service.sts",
            "module.vpc.data.aws_vpc_endpoint_service.textract",
            "module.vpc.data.aws_vpc_endpoint_service.transfer",
            "module.vpc.data.aws_vpc_endpoint_service.transferserver",
            "module.vpc.data.aws_vpc_endpoint_service.workspaces"
          ],
          "create_before_destroy": true
        },
        {
          "index_key": 1,
          "schema_version": 1,
          "attributes": {
            "ami": "ami-0cabc39acf991f4f1",
            "arn": "arn:aws:ec2:us-east-1:436369525070:instance/i-0fb46166e2d48d3db",
            "associate_public_ip_address": true,
            "availability_zone": "us-east-1b",
            "capacity_reservation_specification": [
              {
                "capacity_reservation_preference": "open",
                "capacity_reservation_target": []
              }
            ],
            "cpu_core_count": 1,
            "cpu_threads_per_core": 1,
            "credit_specification": [
              {
                "cpu_credits": "standard"
              }
            ],
            "disable_api_termination": false,
            "ebs_block_device": [],
            "ebs_optimized": false,
            "enclave_options": [
              {
                "enabled": false
              }
            ],
            "ephemeral_block_device": [],
            "get_password_data": false,
            "hibernation": false,
            "host_id": null,
            "iam_instance_profile": "",
            "id": "i-0fb46166e2d48d3db",
            "instance_initiated_shutdown_behavior": "stop",
            "instance_state": "running",
            "instance_type": "t2.micro",
            "ipv6_address_count": 0,
            "ipv6_addresses": [],
            "key_name": "terraform-key",
            "launch_template": [],
            "metadata_options": [
              {
                "http_endpoint": "enabled",
                "http_put_response_hop_limit": 1,
                "http_tokens": "optional",
                "instance_metadata_tags": "disabled"
              }
            ],
            "monitoring": false,
            "network_interface": [],
            "outpost_arn": "",
            "password_data": "",
            "placement_group": "",
            "placement_partition_number": null,
            "primary_network_interface_id": "eni-04f4df4bd81205071",
            "private_dns": "ip-10-0-102-237.ec2.internal",
            "private_ip": "10.0.102.237",
            "public_dns": "ec2-3-89-150-235.compute-1.amazonaws.com",
            "public_ip": "3.89.150.235",
            "root_block_device": [
              {
                "delete_on_termination": true,
                "device_name": "/dev/xvda",
                "encrypted": false,
                "iops": 100,
                "kms_key_id": "",
                "tags": {},
                "throughput": 0,
                "volume_id": "vol-0506294f8480d7bc9",
                "volume_size": 8,
                "volume_type": "gp2"
              }
            ],
            "secondary_private_ips": [],
            "security_groups": [],
            "source_dest_check": true,
            "subnet_id": "subnet-084b38d179e34b648",
            "tags": {
              "Name": "dev-vm-2"
            },
            "tags_all": {
              "Name": "dev-vm-2"
            },
            "tenancy": "default",
            "timeouts": null,
            "user_data": "ebc168dd45e4665005b9c7bc02bc0684c86c4828",
            "user_data_base64": null,
            "volume_tags": {
              "Name": "dev-vm-2"
            },
            "vpc_security_group_ids": [
              "sg-0a4ef2faf46606fee"
            ]
          },
          "sensitive_attributes": [],
          "private": "eyJlMmJmYjczMC1lY2FhLTExZTYtOGY4OC0zNDM2M2JjN2M0YzAiOnsiY3JlYXRlIjo2MDAwMDAwMDAwMDAsImRlbGV0ZSI6MTIwMDAwMDAwMDAwMCwidXBkYXRlIjo2MDAwMDAwMDAwMDB9LCJzY2hlbWFfdmVyc2lvbiI6IjEifQ==",
          "dependencies": [
            "data.aws_ami.amzlinux2",
            "module.private_sg.aws_security_group.this",
            "module.private_sg.aws_security_group.this_name_prefix",
            "module.vpc.aws_cloudwatch_log_group.flow_log",
            "module.vpc.aws_customer_gateway.this",
            "module.vpc.aws_db_subnet_group.database",
            "module.vpc.aws_default_network_acl.this",
            "module.vpc.aws_default_route_table.default",
            "module.vpc.aws_default_security_group.this",
            "module.vpc.aws_default_vpc.this",
            "module.vpc.aws_egress_only_internet_gateway.this",
            "module.vpc.aws_eip.nat",
            "module.vpc.aws_elasticache_subnet_group.elasticache",
            "module.vpc.aws_flow_log.this",
            "module.vpc.aws_iam_policy.vpc_flow_log_cloudwatch",
            "module.vpc.aws_iam_role.vpc_flow_log_cloudwatch",
            "module.vpc.aws_iam_role_policy_attachment.vpc_flow_log_cloudwatch",
            "module.vpc.aws_internet_gateway.this",
            "module.vpc.aws_nat_gateway.this",
            "module.vpc.aws_network_acl.database",
            "module.vpc.aws_network_acl.elasticache",
            "module.vpc.aws_network_acl.intra",
            "module.vpc.aws_network_acl.outpost",
            "module.vpc.aws_network_acl.private",
            "module.vpc.aws_network_acl.public",
            "module.vpc.aws_network_acl.redshift",
            "module.vpc.aws_network_acl_rule.database_inbound",
            "module.vpc.aws_network_acl_rule.database_outbound",
            "module.vpc.aws_network_acl_rule.elasticache_inbound",
            "module.vpc.aws_network_acl_rule.elasticache_outbound",
            "module.vpc.aws_network_acl_rule.intra_inbound",
            "module.vpc.aws_network_acl_rule.intra_outbound",
            "module.vpc.aws_network_acl_rule.outpost_inbound",
            "module.vpc.aws_network_acl_rule.outpost_outbound",
            "module.vpc.aws_network_acl_rule.private_inbound",
            "module.vpc.aws_network_acl_rule.private_outbound",
            "module.vpc.aws_network_acl_rule.public_inbound",
            "module.vpc.aws_network_acl_rule.public_outbound",
            "module.vpc.aws_network_acl_rule.redshift_inbound",
            "module.vpc.aws_network_acl_rule.redshift_outbound",
            "module.vpc.aws_redshift_subnet_group.redshift",
            "module.vpc.aws_route.database_internet_gateway",
            "module.vpc.aws_route.database_ipv6_egress",
            "module.vpc.aws_route.database_nat_gateway",
            "module.vpc.aws_route.private_ipv6_egress",
            "module.vpc.aws_route.private_nat_gateway",
            "module.vpc.aws_route.public_internet_gateway",
            "module.vpc.aws_route.public_internet_gateway_ipv6",
            "module.vpc.aws_route_table.database",
            "module.vpc.aws_route_table.elasticache",
            "module.vpc.aws_route_table.intra",
            "module.vpc.aws_route_table.private",
            "module.vpc.aws_route_table.public",
            "module.vpc.aws_route_table.redshift",
            "module.vpc.aws_route_table_association.database",
            "module.vpc.aws_route_table_association.elasticache",
            "module.vpc.aws_route_table_association.intra",
            "module.vpc.aws_route_table_association.outpost",
            "module.vpc.aws_route_table_association.private",
            "module.vpc.aws_route_table_association.public",
            "module.vpc.aws_route_table_association.redshift",
            "module.vpc.aws_route_table_association.redshift_public",
            "module.vpc.aws_subnet.database",
            "module.vpc.aws_subnet.elasticache",
            "module.vpc.aws_subnet.intra",
            "module.vpc.aws_subnet.outpost",
            "module.vpc.aws_subnet.private",
            "module.vpc.aws_subnet.public",
            "module.vpc.aws_subnet.redshift",
            "module.vpc.aws_vpc.this",
            "module.vpc.aws_vpc_dhcp_options.this",
            "module.vpc.aws_vpc_dhcp_options_association.this",
            "module.vpc.aws_vpc_endpoint.access_analyzer",
            "module.vpc.aws_vpc_endpoint.acm_pca",
            "module.vpc.aws_vpc_endpoint.apigw",
            "module.vpc.aws_vpc_endpoint.appmesh_envoy_management",
            "module.vpc.aws_vpc_endpoint.appstream_api",
            "module.vpc.aws_vpc_endpoint.appstream_streaming",
            "module.vpc.aws_vpc_endpoint.athena",
            "module.vpc.aws_vpc_endpoint.auto_scaling_plans",
            "module.vpc.aws_vpc_endpoint.cloud_directory",
            "module.vpc.aws_vpc_endpoint.cloudformation",
            "module.vpc.aws_vpc_endpoint.cloudtrail",
            "module.vpc.aws_vpc_endpoint.codeartifact_api",
            "module.vpc.aws_vpc_endpoint.codeartifact_repositories",
            "module.vpc.aws_vpc_endpoint.codebuild",
            "module.vpc.aws_vpc_endpoint.codecommit",
            "module.vpc.aws_vpc_endpoint.codedeploy",
            "module.vpc.aws_vpc_endpoint.codedeploy_commands_secure",
            "module.vpc.aws_vpc_endpoint.codepipeline",
            "module.vpc.aws_vpc_endpoint.config",
            "module.vpc.aws_vpc_endpoint.datasync",
            "module.vpc.aws_vpc_endpoint.dms",
            "module.vpc.aws_vpc_endpoint.dynamodb",
            "module.vpc.aws_vpc_endpoint.ebs",
            "module.vpc.aws_vpc_endpoint.ec2",
            "module.vpc.aws_vpc_endpoint.ec2_autoscaling",
            "module.vpc.aws_vpc_endpoint.ec2messages",
            "module.vpc.aws_vpc_endpoint.ecr_api",
            "module.vpc.aws_vpc_endpoint.ecr_dkr",
            "module.vpc.aws_vpc_endpoint.ecs",
            "module.vpc.aws_vpc_endpoint.ecs_agent",
            "module.vpc.aws_vpc_endpoint.ecs_telemetry",
            "module.vpc.aws_vpc_endpoint.efs",
            "module.vpc.aws_vpc_endpoint.elastic_inference_runtime",
            "module.vpc.aws_vpc_endpoint.elasticbeanstalk",
            "module.vpc.aws_vpc_endpoint.elasticbeanstalk_health",
            "module.vpc.aws_vpc_endpoint.elasticloadbalancing",
            "module.vpc.aws_vpc_endpoint.emr",
            "module.vpc.aws_vpc_endpoint.events",
            "module.vpc.aws_vpc_endpoint.git_codecommit",
            "module.vpc.aws_vpc_endpoint.glue",
            "module.vpc.aws_vpc_endpoint.kinesis_firehose",
            "module.vpc.aws_vpc_endpoint.kinesis_streams",
            "module.vpc.aws_vpc_endpoint.kms",
            "module.vpc.aws_vpc_endpoint.lambda",
            "module.vpc.aws_vpc_endpoint.logs",
            "module.vpc.aws_vpc_endpoint.monitoring",
            "module.vpc.aws_vpc_endpoint.qldb_session",
            "module.vpc.aws_vpc_endpoint.rds",
            "module.vpc.aws_vpc_endpoint.rekognition",
            "module.vpc.aws_vpc_endpoint.s3",
            "module.vpc.aws_vpc_endpoint.sagemaker_api",
            "module.vpc.aws_vpc_endpoint.sagemaker_notebook",
            "module.vpc.aws_vpc_endpoint.sagemaker_runtime",
            "module.vpc.aws_vpc_endpoint.secretsmanager",
            "module.vpc.aws_vpc_endpoint.servicecatalog",
            "module.vpc.aws_vpc_endpoint.ses",
            "module.vpc.aws_vpc_endpoint.sms",
            "module.vpc.aws_vpc_endpoint.sns",
            "module.vpc.aws_vpc_endpoint.sqs",
            "module.vpc.aws_vpc_endpoint.ssm",
            "module.vpc.aws_vpc_endpoint.ssmmessages",
            "module.vpc.aws_vpc_endpoint.states",
            "module.vpc.aws_vpc_endpoint.storagegateway",
            "module.vpc.aws_vpc_endpoint.sts",
            "module.vpc.aws_vpc_endpoint.textract",
            "module.vpc.aws_vpc_endpoint.transfer",
            "module.vpc.aws_vpc_endpoint.transferserver",
            "module.vpc.aws_vpc_endpoint.workspaces",
            "module.vpc.aws_vpc_endpoint_route_table_association.intra_dynamodb",
            "module.vpc.aws_vpc_endpoint_route_table_association.intra_s3",
            "module.vpc.aws_vpc_endpoint_route_table_association.private_dynamodb",
            "module.vpc.aws_vpc_endpoint_route_table_association.private_s3",
            "module.vpc.aws_vpc_endpoint_route_table_association.public_dynamodb",
            "module.vpc.aws_vpc_endpoint_route_table_association.public_s3",
            "module.vpc.aws_vpc_ipv4_cidr_block_association.this",
            "module.vpc.aws_vpn_gateway.this",
            "module.vpc.aws_vpn_gateway_attachment.this",
            "module.vpc.aws_vpn_gateway_route_propagation.intra",
            "module.vpc.aws_vpn_gateway_route_propagation.private",
            "module.vpc.aws_vpn_gateway_route_propagation.public",
            "module.vpc.data.aws_iam_policy_document.flow_log_cloudwatch_assume_role",
            "module.vpc.data.aws_iam_policy_document.vpc_flow_log_cloudwatch",
            "module.vpc.data.aws_vpc_endpoint_service.access_analyzer",
            "module.vpc.data.aws_vpc_endpoint_service.acm_pca",
            "module.vpc.data.aws_vpc_endpoint_service.apigw",
            "module.vpc.data.aws_vpc_endpoint_service.appmesh_envoy_management",
            "module.vpc.data.aws_vpc_endpoint_service.appstream_api",
            "module.vpc.data.aws_vpc_endpoint_service.appstream_streaming",
            "module.vpc.data.aws_vpc_endpoint_service.athena",
            "module.vpc.data.aws_vpc_endpoint_service.auto_scaling_plans",
            "module.vpc.data.aws_vpc_endpoint_service.cloud_directory",
            "module.vpc.data.aws_vpc_endpoint_service.cloudformation",
            "module.vpc.data.aws_vpc_endpoint_service.cloudtrail",
            "module.vpc.data.aws_vpc_endpoint_service.codeartifact_api",
            "module.vpc.data.aws_vpc_endpoint_service.codeartifact_repositories",
            "module.vpc.data.aws_vpc_endpoint_service.codebuild",
            "module.vpc.data.aws_vpc_endpoint_service.codecommit",
            "module.vpc.data.aws_vpc_endpoint_service.codedeploy",
            "module.vpc.data.aws_vpc_endpoint_service.codedeploy_commands_secure",
            "module.vpc.data.aws_vpc_endpoint_service.codepipeline",
            "module.vpc.data.aws_vpc_endpoint_service.config",
            "module.vpc.data.aws_vpc_endpoint_service.datasync",
            "module.vpc.data.aws_vpc_endpoint_service.dms",
            "module.vpc.data.aws_vpc_endpoint_service.dynamodb",
            "module.vpc.data.aws_vpc_endpoint_service.ebs",
            "module.vpc.data.aws_vpc_endpoint_service.ec2",
            "module.vpc.data.aws_vpc_endpoint_service.ec2_autoscaling",
            "module.vpc.data.aws_vpc_endpoint_service.ec2messages",
            "module.vpc.data.aws_vpc_endpoint_service.ecr_api",
            "module.vpc.data.aws_vpc_endpoint_service.ecr_dkr",
            "module.vpc.data.aws_vpc_endpoint_service.ecs",
            "module.vpc.data.aws_vpc_endpoint_service.ecs_agent",
            "module.vpc.data.aws_vpc_endpoint_service.ecs_telemetry",
            "module.vpc.data.aws_vpc_endpoint_service.efs",
            "module.vpc.data.aws_vpc_endpoint_service.elastic_inference_runtime",
            "module.vpc.data.aws_vpc_endpoint_service.elasticbeanstalk",
            "module.vpc.data.aws_vpc_endpoint_service.elasticbeanstalk_health",
            "module.vpc.data.aws_vpc_endpoint_service.elasticloadbalancing",
            "module.vpc.data.aws_vpc_endpoint_service.emr",
            "module.vpc.data.aws_vpc_endpoint_service.events",
            "module.vpc.data.aws_vpc_endpoint_service.git_codecommit",
            "module.vpc.data.aws_vpc_endpoint_service.glue",
            "module.vpc.data.aws_vpc_endpoint_service.kinesis_firehose",
            "module.vpc.data.aws_vpc_endpoint_service.kinesis_streams",
            "module.vpc.data.aws_vpc_endpoint_service.kms",
            "module.vpc.data.aws_vpc_endpoint_service.lambda",
            "module.vpc.data.aws_vpc_endpoint_service.logs",
            "module.vpc.data.aws_vpc_endpoint_service.monitoring",
            "module.vpc.data.aws_vpc_endpoint_service.qldb_session",
            "module.vpc.data.aws_vpc_endpoint_service.rds",
            "module.vpc.data.aws_vpc_endpoint_service.rekognition",
            "module.vpc.data.aws_vpc_endpoint_service.s3",
            "module.vpc.data.aws_vpc_endpoint_service.sagemaker_api",
            "module.vpc.data.aws_vpc_endpoint_service.sagemaker_notebook",
            "module.vpc.data.aws_vpc_endpoint_service.sagemaker_runtime",
            "module.vpc.data.aws_vpc_endpoint_service.secretsmanager",
            "module.vpc.data.aws_vpc_endpoint_service.servicecatalog",
            "module.vpc.data.aws_vpc_endpoint_service.ses",
            "module.vpc.data.aws_vpc_endpoint_service.sms",
            "module.vpc.data.aws_vpc_endpoint_service.sns",
            "module.vpc.data.aws_vpc_endpoint_service.sqs",
            "module.vpc.data.aws_vpc_endpoint_service.ssm",
            "module.vpc.data.aws_vpc_endpoint_service.ssmmessages",
            "module.vpc.data.aws_vpc_endpoint_service.states",
            "module.vpc.data.aws_vpc_endpoint_service.storagegateway",
            "module.vpc.data.aws_vpc_endpoint_service.sts",
            "module.vpc.data.aws_vpc_endpoint_service.textract",
            "module.vpc.data.aws_vpc_endpoint_service.transfer",
            "module.vpc.data.aws_vpc_endpoint_service.transferserver",
            "module.vpc.data.aws_vpc_endpoint_service.workspaces"
          ],
          "create_before_destroy": true
        }
      ]
    },
    {
      "module": "module.loadbalancer_sg",
      "mode": "managed",
      "type": "aws_security_group",
      "name": "this_name_prefix",
      "provider": "provider[\"registry.terraform.io/hashicorp/aws\"]",
      "instances": [
        {
          "index_key": 0,
          "schema_version": 1,
          "attributes": {
            "arn": "arn:aws:ec2:us-east-1:436369525070:security-group/sg-0915eb0afe9b557a0",
            "description": "Security Group with HTTP open for entire Internet (IPv4 CIDR), egress ports are all world open",
            "egress": [],
            "id": "sg-0915eb0afe9b557a0",
            "ingress": [],
            "name": "loadbalancer-sg-20220806154305472600000001",
            "name_prefix": "loadbalancer-sg-",
            "owner_id": "436369525070",
            "revoke_rules_on_delete": false,
            "tags": {
              "Name": "loadbalancer-sg"
            },
            "tags_all": {
              "Name": "loadbalancer-sg"
            },
            "timeouts": null,
            "vpc_id": "vpc-06e82c6f5d29fe783"
          },
          "sensitive_attributes": [],
          "private": "eyJlMmJmYjczMC1lY2FhLTExZTYtOGY4OC0zNDM2M2JjN2M0YzAiOnsiY3JlYXRlIjo2MDAwMDAwMDAwMDAsImRlbGV0ZSI6OTAwMDAwMDAwMDAwfSwic2NoZW1hX3ZlcnNpb24iOiIxIn0=",
          "dependencies": [
            "module.vpc.aws_vpc.this"
          ],
          "create_before_destroy": true
        }
      ]
    },
    {
      "module": "module.loadbalancer_sg",
      "mode": "managed",
      "type": "aws_security_group_rule",
      "name": "egress_rules",
      "provider": "provider[\"registry.terraform.io/hashicorp/aws\"]",
      "instances": [
        {
          "index_key": 0,
          "schema_version": 2,
          "attributes": {
            "cidr_blocks": [
              "0.0.0.0/0"
            ],
            "description": "All protocols",
            "from_port": -1,
            "id": "sgrule-1591516260",
            "ipv6_cidr_blocks": [
              "::/0"
            ],
            "prefix_list_ids": [],
            "protocol": "-1",
            "security_group_id": "sg-0915eb0afe9b557a0",
            "self": false,
            "source_security_group_id": null,
            "to_port": -1,
            "type": "egress"
          },
          "sensitive_attributes": [],
          "private": "eyJzY2hlbWFfdmVyc2lvbiI6IjIifQ==",
          "dependencies": [
            "module.loadbalancer_sg.aws_security_group.this",
            "module.loadbalancer_sg.aws_security_group.this_name_prefix",
            "module.vpc.aws_vpc.this"
          ]
        }
      ]
    },
    {
      "module": "module.loadbalancer_sg",
      "mode": "managed",
      "type": "aws_security_group_rule",
      "name": "ingress_rules",
      "provider": "provider[\"registry.terraform.io/hashicorp/aws\"]",
      "instances": [
        {
          "index_key": 0,
          "schema_version": 2,
          "attributes": {
            "cidr_blocks": [
              "0.0.0.0/0"
            ],
            "description": "HTTP",
            "from_port": 80,
            "id": "sgrule-1634907940",
            "ipv6_cidr_blocks": [],
            "prefix_list_ids": [],
            "protocol": "tcp",
            "security_group_id": "sg-0915eb0afe9b557a0",
            "self": false,
            "source_security_group_id": null,
            "to_port": 80,
            "type": "ingress"
          },
          "sensitive_attributes": [],
          "private": "eyJzY2hlbWFfdmVyc2lvbiI6IjIifQ==",
          "dependencies": [
            "module.loadbalancer_sg.aws_security_group.this",
            "module.loadbalancer_sg.aws_security_group.this_name_prefix",
            "module.vpc.aws_vpc.this"
          ]
        }
      ]
    },
    {
      "module": "module.loadbalancer_sg",
      "mode": "managed",
      "type": "aws_security_group_rule",
      "name": "ingress_with_cidr_blocks",
      "provider": "provider[\"registry.terraform.io/hashicorp/aws\"]",
      "instances": [
        {
          "index_key": 0,
          "schema_version": 2,
          "attributes": {
            "cidr_blocks": [
              "0.0.0.0/0"
            ],
            "description": "Allow Port 81 from internet",
            "from_port": 81,
            "id": "sgrule-2396768578",
            "ipv6_cidr_blocks": null,
            "prefix_list_ids": [],
            "protocol": "tcp",
            "security_group_id": "sg-0915eb0afe9b557a0",
            "self": false,
            "source_security_group_id": null,
            "to_port": 81,
            "type": "ingress"
          },
          "sensitive_attributes": [],
          "private": "eyJzY2hlbWFfdmVyc2lvbiI6IjIifQ==",
          "dependencies": [
            "module.loadbalancer_sg.aws_security_group.this",
            "module.loadbalancer_sg.aws_security_group.this_name_prefix",
            "module.vpc.aws_vpc.this"
          ]
        }
      ]
    },
    {
      "module": "module.private_sg",
      "mode": "managed",
      "type": "aws_security_group",
      "name": "this_name_prefix",
      "provider": "provider[\"registry.terraform.io/hashicorp/aws\"]",
      "instances": [
        {
          "index_key": 0,
          "schema_version": 1,
          "attributes": {
            "arn": "arn:aws:ec2:us-east-1:436369525070:security-group/sg-0a4ef2faf46606fee",
            "description": "Security Group with HTTP \u0026 SSH port open for entire VPC Block (IPv4 CIDR), egress ports are all world open",
            "egress": [],
            "id": "sg-0a4ef2faf46606fee",
            "ingress": [],
            "name": "private-sg-20220806154305472600000002",
            "name_prefix": "private-sg-",
            "owner_id": "436369525070",
            "revoke_rules_on_delete": false,
            "tags": {
              "Name": "private-sg"
            },
            "tags_all": {
              "Name": "private-sg"
            },
            "timeouts": null,
            "vpc_id": "vpc-06e82c6f5d29fe783"
          },
          "sensitive_attributes": [],
          "private": "eyJlMmJmYjczMC1lY2FhLTExZTYtOGY4OC0zNDM2M2JjN2M0YzAiOnsiY3JlYXRlIjo2MDAwMDAwMDAwMDAsImRlbGV0ZSI6OTAwMDAwMDAwMDAwfSwic2NoZW1hX3ZlcnNpb24iOiIxIn0=",
          "dependencies": [
            "module.vpc.aws_vpc.this"
          ],
          "create_before_destroy": true
        }
      ]
    },
    {
      "module": "module.private_sg",
      "mode": "managed",
      "type": "aws_security_group_rule",
      "name": "egress_rules",
      "provider": "provider[\"registry.terraform.io/hashicorp/aws\"]",
      "instances": [
        {
          "index_key": 0,
          "schema_version": 2,
          "attributes": {
            "cidr_blocks": [
              "0.0.0.0/0"
            ],
            "description": "All protocols",
            "from_port": -1,
            "id": "sgrule-1251857978",
            "ipv6_cidr_blocks": [
              "::/0"
            ],
            "prefix_list_ids": [],
            "protocol": "-1",
            "security_group_id": "sg-0a4ef2faf46606fee",
            "self": false,
            "source_security_group_id": null,
            "to_port": -1,
            "type": "egress"
          },
          "sensitive_attributes": [],
          "private": "eyJzY2hlbWFfdmVyc2lvbiI6IjIifQ==",
          "dependencies": [
            "module.private_sg.aws_security_group.this",
            "module.private_sg.aws_security_group.this_name_prefix",
            "module.vpc.aws_vpc.this"
          ]
        }
      ]
    },
    {
      "module": "module.private_sg",
      "mode": "managed",
      "type": "aws_security_group_rule",
      "name": "ingress_rules",
      "provider": "provider[\"registry.terraform.io/hashicorp/aws\"]",
      "instances": [
        {
          "index_key": 0,
          "schema_version": 2,
          "attributes": {
            "cidr_blocks": [
              "10.0.0.0/16"
            ],
            "description": "SSH",
            "from_port": 22,
            "id": "sgrule-727281822",
            "ipv6_cidr_blocks": [],
            "prefix_list_ids": [],
            "protocol": "tcp",
            "security_group_id": "sg-0a4ef2faf46606fee",
            "self": false,
            "source_security_group_id": null,
            "to_port": 22,
            "type": "ingress"
          },
          "sensitive_attributes": [],
          "private": "eyJzY2hlbWFfdmVyc2lvbiI6IjIifQ==",
          "dependencies": [
            "module.private_sg.aws_security_group.this",
            "module.private_sg.aws_security_group.this_name_prefix",
            "module.vpc.aws_vpc.this"
          ]
        },
        {
          "index_key": 1,
          "schema_version": 2,
          "attributes": {
            "cidr_blocks": [
              "10.0.0.0/16"
            ],
            "description": "HTTP",
            "from_port": 80,
            "id": "sgrule-2805051808",
            "ipv6_cidr_blocks": [],
            "prefix_list_ids": [],
            "protocol": "tcp",
            "security_group_id": "sg-0a4ef2faf46606fee",
            "self": false,
            "source_security_group_id": null,
            "to_port": 80,
            "type": "ingress"
          },
          "sensitive_attributes": [],
          "private": "eyJzY2hlbWFfdmVyc2lvbiI6IjIifQ==",
          "dependencies": [
            "module.private_sg.aws_security_group.this",
            "module.private_sg.aws_security_group.this_name_prefix",
            "module.vpc.aws_vpc.this"
          ]
        }
      ]
    },
    {
      "module": "module.vpc",
      "mode": "managed",
      "type": "aws_internet_gateway",
      "name": "this",
      "provider": "provider[\"registry.terraform.io/hashicorp/aws\"]",
      "instances": [
        {
          "index_key": 0,
          "schema_version": 0,
          "attributes": {
            "arn": "arn:aws:ec2:us-east-1:436369525070:internet-gateway/igw-01092fa7604872330",
            "id": "igw-01092fa7604872330",
            "owner_id": "436369525070",
            "tags": {
              "Name": "kj-myvpc"
            },
            "tags_all": {
              "Name": "kj-myvpc"
            },
            "vpc_id": "vpc-06e82c6f5d29fe783"
          },
          "sensitive_attributes": [],
          "private": "bnVsbA==",
          "dependencies": [
            "module.vpc.aws_vpc.this",
            "module.vpc.aws_vpc_ipv4_cidr_block_association.this"
          ],
          "create_before_destroy": true
        }
      ]
    },
    {
      "module": "module.vpc",
      "mode": "managed",
      "type": "aws_route",
      "name": "public_internet_gateway",
      "provider": "provider[\"registry.terraform.io/hashicorp/aws\"]",
      "instances": [
        {
          "index_key": 0,
          "schema_version": 0,
          "attributes": {
            "carrier_gateway_id": "",
            "destination_cidr_block": "0.0.0.0/0",
            "destination_ipv6_cidr_block": "",
            "destination_prefix_list_id": "",
            "egress_only_gateway_id": "",
            "gateway_id": "igw-01092fa7604872330",
            "id": "r-rtb-072a273f68c1f20dd1080289494",
            "instance_id": "",
            "instance_owner_id": "",
            "local_gateway_id": "",
            "nat_gateway_id": "",
            "network_interface_id": "",
            "origin": "CreateRoute",
            "route_table_id": "rtb-072a273f68c1f20dd",
            "state": "active",
            "timeouts": {
              "create": "5m",
              "delete": null,
              "update": null
            },
            "transit_gateway_id": "",
            "vpc_endpoint_id": "",
            "vpc_peering_connection_id": ""
          },
          "sensitive_attributes": [],
          "private": "eyJlMmJmYjczMC1lY2FhLTExZTYtOGY4OC0zNDM2M2JjN2M0YzAiOnsiY3JlYXRlIjozMDAwMDAwMDAwMDAsImRlbGV0ZSI6MzAwMDAwMDAwMDAwLCJ1cGRhdGUiOjEyMDAwMDAwMDAwMH19",
          "dependencies": [
            "module.vpc.aws_internet_gateway.this",
            "module.vpc.aws_route_table.public",
            "module.vpc.aws_vpc.this",
            "module.vpc.aws_vpc_ipv4_cidr_block_association.this"
          ],
          "create_before_destroy": true
        }
      ]
    },
    {
      "module": "module.vpc",
      "mode": "managed",
      "type": "aws_route_table",
      "name": "public",
      "provider": "provider[\"registry.terraform.io/hashicorp/aws\"]",
      "instances": [
        {
          "index_key": 0,
          "schema_version": 0,
          "attributes": {
            "arn": "arn:aws:ec2:us-east-1:436369525070:route-table/rtb-072a273f68c1f20dd",
            "id": "rtb-072a273f68c1f20dd",
            "owner_id": "436369525070",
            "propagating_vgws": [],
            "route": [],
            "tags": {
              "Name": "kj-myvpc-public"
            },
            "tags_all": {
              "Name": "kj-myvpc-public"
            },
            "timeouts": null,
            "vpc_id": "vpc-06e82c6f5d29fe783"
          },
          "sensitive_attributes": [],
          "private": "eyJlMmJmYjczMC1lY2FhLTExZTYtOGY4OC0zNDM2M2JjN2M0YzAiOnsiY3JlYXRlIjozMDAwMDAwMDAwMDAsImRlbGV0ZSI6MzAwMDAwMDAwMDAwLCJ1cGRhdGUiOjEyMDAwMDAwMDAwMH19",
          "dependencies": [
            "module.vpc.aws_vpc.this",
            "module.vpc.aws_vpc_ipv4_cidr_block_association.this"
          ],
          "create_before_destroy": true
        }
      ]
    },
    {
      "module": "module.vpc",
      "mode": "managed",
      "type": "aws_route_table_association",
      "name": "public",
      "provider": "provider[\"registry.terraform.io/hashicorp/aws\"]",
      "instances": [
        {
          "index_key": 0,
          "schema_version": 0,
          "attributes": {
            "gateway_id": "",
            "id": "rtbassoc-08d56da73ecaf6cdb",
            "route_table_id": "rtb-072a273f68c1f20dd",
            "subnet_id": "subnet-0176a4922d30df696"
          },
          "sensitive_attributes": [],
          "private": "bnVsbA==",
          "dependencies": [
            "module.vpc.aws_route_table.public",
            "module.vpc.aws_subnet.public",
            "module.vpc.aws_vpc.this",
            "module.vpc.aws_vpc_ipv4_cidr_block_association.this"
          ],
          "create_before_destroy": true
        },
        {
          "index_key": 1,
          "schema_version": 0,
          "attributes": {
            "gateway_id": "",
            "id": "rtbassoc-04947a450b73c96c8",
            "route_table_id": "rtb-072a273f68c1f20dd",
            "subnet_id": "subnet-084b38d179e34b648"
          },
          "sensitive_attributes": [],
          "private": "bnVsbA==",
          "dependencies": [
            "module.vpc.aws_route_table.public",
            "module.vpc.aws_subnet.public",
            "module.vpc.aws_vpc.this",
            "module.vpc.aws_vpc_ipv4_cidr_block_association.this"
          ],
          "create_before_destroy": true
        }
      ]
    },
    {
      "module": "module.vpc",
      "mode": "managed",
      "type": "aws_subnet",
      "name": "public",
      "provider": "provider[\"registry.terraform.io/hashicorp/aws\"]",
      "instances": [
        {
          "index_key": 0,
          "schema_version": 1,
          "attributes": {
            "arn": "arn:aws:ec2:us-east-1:436369525070:subnet/subnet-0176a4922d30df696",
            "assign_ipv6_address_on_creation": false,
            "availability_zone": "us-east-1a",
            "availability_zone_id": "use1-az4",
            "cidr_block": "10.0.101.0/24",
            "customer_owned_ipv4_pool": "",
            "enable_dns64": false,
            "enable_resource_name_dns_a_record_on_launch": false,
            "enable_resource_name_dns_aaaa_record_on_launch": false,
            "id": "subnet-0176a4922d30df696",
            "ipv6_cidr_block": "",
            "ipv6_cidr_block_association_id": "",
            "ipv6_native": false,
            "map_customer_owned_ip_on_launch": false,
            "map_public_ip_on_launch": true,
            "outpost_arn": "",
            "owner_id": "436369525070",
            "private_dns_hostname_type_on_launch": "ip-name",
            "tags": {
              "Name": "kj-myvpc-public-us-east-1a",
              "Type": "Public Subnets"
            },
            "tags_all": {
              "Name": "kj-myvpc-public-us-east-1a",
              "Type": "Public Subnets"
            },
            "timeouts": null,
            "vpc_id": "vpc-06e82c6f5d29fe783"
          },
          "sensitive_attributes": [],
          "private": "eyJlMmJmYjczMC1lY2FhLTExZTYtOGY4OC0zNDM2M2JjN2M0YzAiOnsiY3JlYXRlIjo2MDAwMDAwMDAwMDAsImRlbGV0ZSI6MTIwMDAwMDAwMDAwMH0sInNjaGVtYV92ZXJzaW9uIjoiMSJ9",
          "dependencies": [
            "module.vpc.aws_vpc.this",
            "module.vpc.aws_vpc_ipv4_cidr_block_association.this"
          ],
          "create_before_destroy": true
        },
        {
          "index_key": 1,
          "schema_version": 1,
          "attributes": {
            "arn": "arn:aws:ec2:us-east-1:436369525070:subnet/subnet-084b38d179e34b648",
            "assign_ipv6_address_on_creation": false,
            "availability_zone": "us-east-1b",
            "availability_zone_id": "use1-az6",
            "cidr_block": "10.0.102.0/24",
            "customer_owned_ipv4_pool": "",
            "enable_dns64": false,
            "enable_resource_name_dns_a_record_on_launch": false,
            "enable_resource_name_dns_aaaa_record_on_launch": false,
            "id": "subnet-084b38d179e34b648",
            "ipv6_cidr_block": "",
            "ipv6_cidr_block_association_id": "",
            "ipv6_native": false,
            "map_customer_owned_ip_on_launch": false,
            "map_public_ip_on_launch": true,
            "outpost_arn": "",
            "owner_id": "436369525070",
            "private_dns_hostname_type_on_launch": "ip-name",
            "tags": {
              "Name": "kj-myvpc-public-us-east-1b",
              "Type": "Public Subnets"
            },
            "tags_all": {
              "Name": "kj-myvpc-public-us-east-1b",
              "Type": "Public Subnets"
            },
            "timeouts": null,
            "vpc_id": "vpc-06e82c6f5d29fe783"
          },
          "sensitive_attributes": [],
          "private": "eyJlMmJmYjczMC1lY2FhLTExZTYtOGY4OC0zNDM2M2JjN2M0YzAiOnsiY3JlYXRlIjo2MDAwMDAwMDAwMDAsImRlbGV0ZSI6MTIwMDAwMDAwMDAwMH0sInNjaGVtYV92ZXJzaW9uIjoiMSJ9",
          "dependencies": [
            "module.vpc.aws_vpc.this",
            "module.vpc.aws_vpc_ipv4_cidr_block_association.this"
          ],
          "create_before_destroy": true
        }
      ]
    },
    {
      "module": "module.vpc",
      "mode": "managed",
      "type": "aws_vpc",
      "name": "this",
      "provider": "provider[\"registry.terraform.io/hashicorp/aws\"]",
      "instances": [
        {
          "index_key": 0,
          "schema_version": 1,
          "attributes": {
            "arn": "arn:aws:ec2:us-east-1:436369525070:vpc/vpc-06e82c6f5d29fe783",
            "assign_generated_ipv6_cidr_block": false,
            "cidr_block": "10.0.0.0/16",
            "default_network_acl_id": "acl-036818702136242c6",
            "default_route_table_id": "rtb-05ad9b8dc8b1a9a65",
            "default_security_group_id": "sg-070774add669df922",
            "dhcp_options_id": "dopt-0af80c4438b558f9b",
            "enable_classiclink": false,
            "enable_classiclink_dns_support": false,
            "enable_dns_hostnames": true,
            "enable_dns_support": true,
            "id": "vpc-06e82c6f5d29fe783",
            "instance_tenancy": "default",
            "ipv4_ipam_pool_id": null,
            "ipv4_netmask_length": null,
            "ipv6_association_id": "",
            "ipv6_cidr_block": "",
            "ipv6_cidr_block_network_border_group": "",
            "ipv6_ipam_pool_id": "",
            "ipv6_netmask_length": 0,
            "main_route_table_id": "rtb-05ad9b8dc8b1a9a65",
            "owner_id": "436369525070",
            "tags": {
              "Name": "kj-myvpc"
            },
            "tags_all": {
              "Name": "kj-myvpc"
            }
          },
          "sensitive_attributes": [],
          "private": "eyJzY2hlbWFfdmVyc2lvbiI6IjEifQ==",
          "create_before_destroy": true
        }
      ]
    }
  ]
}
